// !$*UTF8*$!
{
	archiveVersion = 1;
	classes = {
	};
	objectVersion = 46;
	objects = {

/* Begin PBXBuildFile section */
		38010D85204FBFBC00E4511C /* AdsViewController.m in Sources */ = {isa = PBXBuildFile; fileRef = 38010D75204FBFBC00E4511C /* AdsViewController.m */; };
		38010D86204FBFBC00E4511C /* AdsViewController.xib in Resources */ = {isa = PBXBuildFile; fileRef = 38010D76204FBFBC00E4511C /* AdsViewController.xib */; };
		38010D8F204FD6E500E4511C /* AdsCollectionViewCell.m in Sources */ = {isa = PBXBuildFile; fileRef = 38010D8D204FD6E500E4511C /* AdsCollectionViewCell.m */; };
		38010D90204FD6E500E4511C /* AdsCollectionViewCell.xib in Resources */ = {isa = PBXBuildFile; fileRef = 38010D8E204FD6E500E4511C /* AdsCollectionViewCell.xib */; };
		38010DAC204FFB3500E4511C /* ZhaoShengViewController.m in Sources */ = {isa = PBXBuildFile; fileRef = 38010DAA204FFB3500E4511C /* ZhaoShengViewController.m */; };
		38010DAD204FFB3500E4511C /* ZhaoShengViewController.xib in Resources */ = {isa = PBXBuildFile; fileRef = 38010DAB204FFB3500E4511C /* ZhaoShengViewController.xib */; };
		38010DB1204FFB5E00E4511C /* ZhaoShengTableViewCell.m in Sources */ = {isa = PBXBuildFile; fileRef = 38010DAF204FFB5E00E4511C /* ZhaoShengTableViewCell.m */; };
		38010DB2204FFB5E00E4511C /* ZhaoShengTableViewCell.xib in Resources */ = {isa = PBXBuildFile; fileRef = 38010DB0204FFB5E00E4511C /* ZhaoShengTableViewCell.xib */; };
		384A555620521F20006D8C23 /* NSDictionary+Utility.m in Sources */ = {isa = PBXBuildFile; fileRef = 384A553C20521F20006D8C23 /* NSDictionary+Utility.m */; };
		384A555720521F20006D8C23 /* NSObject+InitData.m in Sources */ = {isa = PBXBuildFile; fileRef = 384A553E20521F20006D8C23 /* NSObject+InitData.m */; };
		384A555820521F20006D8C23 /* UIView+AdjustFrame.m in Sources */ = {isa = PBXBuildFile; fileRef = 384A554020521F20006D8C23 /* UIView+AdjustFrame.m */; };
		384A555A20521F20006D8C23 /* UIViewController+Based.m in Sources */ = {isa = PBXBuildFile; fileRef = 384A554420521F20006D8C23 /* UIViewController+Based.m */; };
		384A555B20521F20006D8C23 /* IndicatorView.m in Sources */ = {isa = PBXBuildFile; fileRef = 384A554E20521F20006D8C23 /* IndicatorView.m */; };
		384A555C20521F20006D8C23 /* LLNavigationView.m in Sources */ = {isa = PBXBuildFile; fileRef = 384A555020521F20006D8C23 /* LLNavigationView.m */; };
		384A555D20521F20006D8C23 /* MJDIYAutoFooter.m in Sources */ = {isa = PBXBuildFile; fileRef = 384A555320521F20006D8C23 /* MJDIYAutoFooter.m */; };
		384A555E20521F20006D8C23 /* MJDIYHeader.m in Sources */ = {isa = PBXBuildFile; fileRef = 384A555520521F20006D8C23 /* MJDIYHeader.m */; };
		384A556220521F2E006D8C23 /* MYSegmentController.m in Sources */ = {isa = PBXBuildFile; fileRef = 384A556120521F2E006D8C23 /* MYSegmentController.m */; };
		384A556620522095006D8C23 /* SearchIndexViewController.m in Sources */ = {isa = PBXBuildFile; fileRef = 384A556420522095006D8C23 /* SearchIndexViewController.m */; };
		384A556720522095006D8C23 /* SearchIndexViewController.xib in Resources */ = {isa = PBXBuildFile; fileRef = 384A556520522095006D8C23 /* SearchIndexViewController.xib */; };
		384A556B205266D8006D8C23 /* SchoolViewController.m in Sources */ = {isa = PBXBuildFile; fileRef = 384A5569205266D8006D8C23 /* SchoolViewController.m */; };
		384A556C205266D8006D8C23 /* SchoolViewController.xib in Resources */ = {isa = PBXBuildFile; fileRef = 384A556A205266D8006D8C23 /* SchoolViewController.xib */; };
		384A55702052674F006D8C23 /* SchoolTableViewCell.m in Sources */ = {isa = PBXBuildFile; fileRef = 384A556E2052674F006D8C23 /* SchoolTableViewCell.m */; };
		384A55712052674F006D8C23 /* SchoolTableViewCell.xib in Resources */ = {isa = PBXBuildFile; fileRef = 384A556F2052674F006D8C23 /* SchoolTableViewCell.xib */; };
		BFBB36CCCD85DE7A0E13C8F3 /* libPods-SuperScholar.a in Frameworks */ = {isa = PBXBuildFile; fileRef = BB3E049EDDB8A8350306F505 /* libPods-SuperScholar.a */; };
		C71887DC2058E7DA00333387 /* ClassSapceViewController.m in Sources */ = {isa = PBXBuildFile; fileRef = C71887DB2058E7DA00333387 /* ClassSapceViewController.m */; };
		C71887E02058E81100333387 /* ClassSapceTableViewCell.m in Sources */ = {isa = PBXBuildFile; fileRef = C71887DE2058E81100333387 /* ClassSapceTableViewCell.m */; };
		C71887E12058E81100333387 /* ClassSapceTableViewCell.xib in Resources */ = {isa = PBXBuildFile; fileRef = C71887DF2058E81100333387 /* ClassSapceTableViewCell.xib */; };
		C71887E42058E82300333387 /* ClassSapceModel.m in Sources */ = {isa = PBXBuildFile; fileRef = C71887E32058E82300333387 /* ClassSapceModel.m */; };
		C71887E720592E1E00333387 /* ClassSapceManager.m in Sources */ = {isa = PBXBuildFile; fileRef = C71887E620592E1E00333387 /* ClassSapceManager.m */; };
		C71887EB205A385000333387 /* PhotoBrowser.m in Sources */ = {isa = PBXBuildFile; fileRef = C71887EA205A385000333387 /* PhotoBrowser.m */; };
		C71887F2205A5C1400333387 /* ClassInfoViewController.m in Sources */ = {isa = PBXBuildFile; fileRef = C71887F1205A5C1400333387 /* ClassInfoViewController.m */; };
		C71887FD205A6D7900333387 /* MYBannerScrollView.m in Sources */ = {isa = PBXBuildFile; fileRef = C71887F8205A6D7900333387 /* MYBannerScrollView.m */; };
		C71887FE205A6D7900333387 /* MYBannerImageView.m in Sources */ = {isa = PBXBuildFile; fileRef = C71887F9205A6D7900333387 /* MYBannerImageView.m */; };
		C7188801205A6EE800333387 /* NSTimer+Addition.m in Sources */ = {isa = PBXBuildFile; fileRef = C7188800205A6EE800333387 /* NSTimer+Addition.m */; };
		C7188804205A6F4500333387 /* NSArray+ExtraMethod.m in Sources */ = {isa = PBXBuildFile; fileRef = C7188803205A6F4500333387 /* NSArray+ExtraMethod.m */; };
		C73DD5C5204E88BD00C6437F /* main.m in Sources */ = {isa = PBXBuildFile; fileRef = C73DD5C4204E88BD00C6437F /* main.m */; };
		C73DD5CE204E88BD00C6437F /* Main.storyboard in Resources */ = {isa = PBXBuildFile; fileRef = C73DD5CC204E88BD00C6437F /* Main.storyboard */; };
		C73DD5D0204E88BD00C6437F /* Assets.xcassets in Resources */ = {isa = PBXBuildFile; fileRef = C73DD5CF204E88BD00C6437F /* Assets.xcassets */; };
		C73DD5D3204E88BD00C6437F /* LaunchScreen.storyboard in Resources */ = {isa = PBXBuildFile; fileRef = C73DD5D1204E88BD00C6437F /* LaunchScreen.storyboard */; };
		C73DD5DB204E88E900C6437F /* Podfile in Resources */ = {isa = PBXBuildFile; fileRef = C73DD5DA204E88E900C6437F /* Podfile */; };
		C76169EF204F839200C94311 /* ActivityViewController.m in Sources */ = {isa = PBXBuildFile; fileRef = C76169ED204F839200C94311 /* ActivityViewController.m */; };
		C76169F0204F839200C94311 /* ActivityViewController.xib in Resources */ = {isa = PBXBuildFile; fileRef = C76169EE204F839200C94311 /* ActivityViewController.xib */; };
		C76169F6204F889300C94311 /* MainTabBarViewController.m in Sources */ = {isa = PBXBuildFile; fileRef = C76169F4204F889300C94311 /* MainTabBarViewController.m */; };
		C76169F7204F889300C94311 /* MainTabBarViewController.xib in Resources */ = {isa = PBXBuildFile; fileRef = C76169F5204F889300C94311 /* MainTabBarViewController.xib */; };
		C76169FB204F889900C94311 /* AppDelegate.m in Sources */ = {isa = PBXBuildFile; fileRef = C76169FA204F889900C94311 /* AppDelegate.m */; };
		C7616A00204F8F2600C94311 /* ClassViewController.m in Sources */ = {isa = PBXBuildFile; fileRef = C76169FE204F8F2600C94311 /* ClassViewController.m */; };
		C7616A01204F8F2600C94311 /* ClassViewController.xib in Resources */ = {isa = PBXBuildFile; fileRef = C76169FF204F8F2600C94311 /* ClassViewController.xib */; };
		C7616A06204F8F4C00C94311 /* MySelfViewController.m in Sources */ = {isa = PBXBuildFile; fileRef = C7616A04204F8F4C00C94311 /* MySelfViewController.m */; };
		C7616A07204F8F4C00C94311 /* MySelfViewController.xib in Resources */ = {isa = PBXBuildFile; fileRef = C7616A05204F8F4C00C94311 /* MySelfViewController.xib */; };
		C7616A0C204F8F6A00C94311 /* InteractiveViewController.m in Sources */ = {isa = PBXBuildFile; fileRef = C7616A0A204F8F6A00C94311 /* InteractiveViewController.m */; };
		C7616A0D204F8F6A00C94311 /* InteractiveViewController.xib in Resources */ = {isa = PBXBuildFile; fileRef = C7616A0B204F8F6A00C94311 /* InteractiveViewController.xib */; };
/* End PBXBuildFile section */

/* Begin PBXFileReference section */
		38010D74204FBFBC00E4511C /* AdsViewController.h */ = {isa = PBXFileReference; fileEncoding = 4; lastKnownFileType = sourcecode.c.h; path = AdsViewController.h; sourceTree = "<group>"; };
		38010D75204FBFBC00E4511C /* AdsViewController.m */ = {isa = PBXFileReference; fileEncoding = 4; lastKnownFileType = sourcecode.c.objc; path = AdsViewController.m; sourceTree = "<group>"; };
		38010D76204FBFBC00E4511C /* AdsViewController.xib */ = {isa = PBXFileReference; fileEncoding = 4; lastKnownFileType = file.xib; path = AdsViewController.xib; sourceTree = "<group>"; };
		38010D8C204FD6E500E4511C /* AdsCollectionViewCell.h */ = {isa = PBXFileReference; fileEncoding = 4; lastKnownFileType = sourcecode.c.h; path = AdsCollectionViewCell.h; sourceTree = "<group>"; };
		38010D8D204FD6E500E4511C /* AdsCollectionViewCell.m */ = {isa = PBXFileReference; fileEncoding = 4; lastKnownFileType = sourcecode.c.objc; path = AdsCollectionViewCell.m; sourceTree = "<group>"; };
		38010D8E204FD6E500E4511C /* AdsCollectionViewCell.xib */ = {isa = PBXFileReference; fileEncoding = 4; lastKnownFileType = file.xib; path = AdsCollectionViewCell.xib; sourceTree = "<group>"; };
		38010DA9204FFB3500E4511C /* ZhaoShengViewController.h */ = {isa = PBXFileReference; fileEncoding = 4; lastKnownFileType = sourcecode.c.h; path = ZhaoShengViewController.h; sourceTree = "<group>"; };
		38010DAA204FFB3500E4511C /* ZhaoShengViewController.m */ = {isa = PBXFileReference; fileEncoding = 4; lastKnownFileType = sourcecode.c.objc; path = ZhaoShengViewController.m; sourceTree = "<group>"; };
		38010DAB204FFB3500E4511C /* ZhaoShengViewController.xib */ = {isa = PBXFileReference; fileEncoding = 4; lastKnownFileType = file.xib; path = ZhaoShengViewController.xib; sourceTree = "<group>"; };
		38010DAE204FFB5E00E4511C /* ZhaoShengTableViewCell.h */ = {isa = PBXFileReference; fileEncoding = 4; lastKnownFileType = sourcecode.c.h; path = ZhaoShengTableViewCell.h; sourceTree = "<group>"; };
		38010DAF204FFB5E00E4511C /* ZhaoShengTableViewCell.m */ = {isa = PBXFileReference; fileEncoding = 4; lastKnownFileType = sourcecode.c.objc; path = ZhaoShengTableViewCell.m; sourceTree = "<group>"; };
		38010DB0204FFB5E00E4511C /* ZhaoShengTableViewCell.xib */ = {isa = PBXFileReference; fileEncoding = 4; lastKnownFileType = file.xib; path = ZhaoShengTableViewCell.xib; sourceTree = "<group>"; };
		384A553B20521F20006D8C23 /* NSDictionary+Utility.h */ = {isa = PBXFileReference; fileEncoding = 4; lastKnownFileType = sourcecode.c.h; path = "NSDictionary+Utility.h"; sourceTree = "<group>"; };
		384A553C20521F20006D8C23 /* NSDictionary+Utility.m */ = {isa = PBXFileReference; fileEncoding = 4; lastKnownFileType = sourcecode.c.objc; path = "NSDictionary+Utility.m"; sourceTree = "<group>"; };
		384A553D20521F20006D8C23 /* NSObject+InitData.h */ = {isa = PBXFileReference; fileEncoding = 4; lastKnownFileType = sourcecode.c.h; path = "NSObject+InitData.h"; sourceTree = "<group>"; };
		384A553E20521F20006D8C23 /* NSObject+InitData.m */ = {isa = PBXFileReference; fileEncoding = 4; lastKnownFileType = sourcecode.c.objc; path = "NSObject+InitData.m"; sourceTree = "<group>"; };
		384A553F20521F20006D8C23 /* UIView+AdjustFrame.h */ = {isa = PBXFileReference; fileEncoding = 4; lastKnownFileType = sourcecode.c.h; path = "UIView+AdjustFrame.h"; sourceTree = "<group>"; };
		384A554020521F20006D8C23 /* UIView+AdjustFrame.m */ = {isa = PBXFileReference; fileEncoding = 4; lastKnownFileType = sourcecode.c.objc; path = "UIView+AdjustFrame.m"; sourceTree = "<group>"; };
		384A554320521F20006D8C23 /* UIViewController+Based.h */ = {isa = PBXFileReference; fileEncoding = 4; lastKnownFileType = sourcecode.c.h; path = "UIViewController+Based.h"; sourceTree = "<group>"; };
		384A554420521F20006D8C23 /* UIViewController+Based.m */ = {isa = PBXFileReference; fileEncoding = 4; lastKnownFileType = sourcecode.c.objc; path = "UIViewController+Based.m"; sourceTree = "<group>"; };
		384A554720521F20006D8C23 /* AppAPI.h */ = {isa = PBXFileReference; fileEncoding = 4; lastKnownFileType = sourcecode.c.h; path = AppAPI.h; sourceTree = "<group>"; };
		384A554820521F20006D8C23 /* AppConfigInfo.h */ = {isa = PBXFileReference; fileEncoding = 4; lastKnownFileType = sourcecode.c.h; path = AppConfigInfo.h; sourceTree = "<group>"; };
		384A554920521F20006D8C23 /* AppMacro.h */ = {isa = PBXFileReference; fileEncoding = 4; lastKnownFileType = sourcecode.c.h; path = AppMacro.h; sourceTree = "<group>"; };
		384A554D20521F20006D8C23 /* IndicatorView.h */ = {isa = PBXFileReference; fileEncoding = 4; lastKnownFileType = sourcecode.c.h; path = IndicatorView.h; sourceTree = "<group>"; };
		384A554E20521F20006D8C23 /* IndicatorView.m */ = {isa = PBXFileReference; fileEncoding = 4; lastKnownFileType = sourcecode.c.objc; path = IndicatorView.m; sourceTree = "<group>"; };
		384A554F20521F20006D8C23 /* LLNavigationView.h */ = {isa = PBXFileReference; fileEncoding = 4; lastKnownFileType = sourcecode.c.h; path = LLNavigationView.h; sourceTree = "<group>"; };
		384A555020521F20006D8C23 /* LLNavigationView.m */ = {isa = PBXFileReference; fileEncoding = 4; lastKnownFileType = sourcecode.c.objc; path = LLNavigationView.m; sourceTree = "<group>"; };
		384A555220521F20006D8C23 /* MJDIYAutoFooter.h */ = {isa = PBXFileReference; fileEncoding = 4; lastKnownFileType = sourcecode.c.h; path = MJDIYAutoFooter.h; sourceTree = "<group>"; };
		384A555320521F20006D8C23 /* MJDIYAutoFooter.m */ = {isa = PBXFileReference; fileEncoding = 4; lastKnownFileType = sourcecode.c.objc; path = MJDIYAutoFooter.m; sourceTree = "<group>"; };
		384A555420521F20006D8C23 /* MJDIYHeader.h */ = {isa = PBXFileReference; fileEncoding = 4; lastKnownFileType = sourcecode.c.h; path = MJDIYHeader.h; sourceTree = "<group>"; };
		384A555520521F20006D8C23 /* MJDIYHeader.m */ = {isa = PBXFileReference; fileEncoding = 4; lastKnownFileType = sourcecode.c.objc; path = MJDIYHeader.m; sourceTree = "<group>"; };
		384A556020521F2E006D8C23 /* MYSegmentController.h */ = {isa = PBXFileReference; fileEncoding = 4; lastKnownFileType = sourcecode.c.h; path = MYSegmentController.h; sourceTree = "<group>"; };
		384A556120521F2E006D8C23 /* MYSegmentController.m */ = {isa = PBXFileReference; fileEncoding = 4; lastKnownFileType = sourcecode.c.objc; path = MYSegmentController.m; sourceTree = "<group>"; };
		384A556320522095006D8C23 /* SearchIndexViewController.h */ = {isa = PBXFileReference; fileEncoding = 4; lastKnownFileType = sourcecode.c.h; path = SearchIndexViewController.h; sourceTree = "<group>"; };
		384A556420522095006D8C23 /* SearchIndexViewController.m */ = {isa = PBXFileReference; fileEncoding = 4; lastKnownFileType = sourcecode.c.objc; path = SearchIndexViewController.m; sourceTree = "<group>"; };
		384A556520522095006D8C23 /* SearchIndexViewController.xib */ = {isa = PBXFileReference; fileEncoding = 4; lastKnownFileType = file.xib; path = SearchIndexViewController.xib; sourceTree = "<group>"; };
		384A5568205266D8006D8C23 /* SchoolViewController.h */ = {isa = PBXFileReference; fileEncoding = 4; lastKnownFileType = sourcecode.c.h; path = SchoolViewController.h; sourceTree = "<group>"; };
		384A5569205266D8006D8C23 /* SchoolViewController.m */ = {isa = PBXFileReference; fileEncoding = 4; lastKnownFileType = sourcecode.c.objc; path = SchoolViewController.m; sourceTree = "<group>"; };
		384A556A205266D8006D8C23 /* SchoolViewController.xib */ = {isa = PBXFileReference; fileEncoding = 4; lastKnownFileType = file.xib; path = SchoolViewController.xib; sourceTree = "<group>"; };
		384A556D2052674F006D8C23 /* SchoolTableViewCell.h */ = {isa = PBXFileReference; fileEncoding = 4; lastKnownFileType = sourcecode.c.h; path = SchoolTableViewCell.h; sourceTree = "<group>"; };
		384A556E2052674F006D8C23 /* SchoolTableViewCell.m */ = {isa = PBXFileReference; fileEncoding = 4; lastKnownFileType = sourcecode.c.objc; path = SchoolTableViewCell.m; sourceTree = "<group>"; };
		384A556F2052674F006D8C23 /* SchoolTableViewCell.xib */ = {isa = PBXFileReference; fileEncoding = 4; lastKnownFileType = file.xib; path = SchoolTableViewCell.xib; sourceTree = "<group>"; };
		AA3BC876F4E559385FBF2362 /* Pods-SuperScholar.debug.xcconfig */ = {isa = PBXFileReference; includeInIndex = 1; lastKnownFileType = text.xcconfig; name = "Pods-SuperScholar.debug.xcconfig"; path = "Pods/Target Support Files/Pods-SuperScholar/Pods-SuperScholar.debug.xcconfig"; sourceTree = "<group>"; };
		BB3E049EDDB8A8350306F505 /* libPods-SuperScholar.a */ = {isa = PBXFileReference; explicitFileType = archive.ar; includeInIndex = 0; path = "libPods-SuperScholar.a"; sourceTree = BUILT_PRODUCTS_DIR; };
		C71887DA2058E7DA00333387 /* ClassSapceViewController.h */ = {isa = PBXFileReference; fileEncoding = 4; lastKnownFileType = sourcecode.c.h; path = ClassSapceViewController.h; sourceTree = "<group>"; };
		C71887DB2058E7DA00333387 /* ClassSapceViewController.m */ = {isa = PBXFileReference; fileEncoding = 4; lastKnownFileType = sourcecode.c.objc; path = ClassSapceViewController.m; sourceTree = "<group>"; };
		C71887DD2058E81100333387 /* ClassSapceTableViewCell.h */ = {isa = PBXFileReference; fileEncoding = 4; lastKnownFileType = sourcecode.c.h; path = ClassSapceTableViewCell.h; sourceTree = "<group>"; };
		C71887DE2058E81100333387 /* ClassSapceTableViewCell.m */ = {isa = PBXFileReference; fileEncoding = 4; lastKnownFileType = sourcecode.c.objc; path = ClassSapceTableViewCell.m; sourceTree = "<group>"; };
		C71887DF2058E81100333387 /* ClassSapceTableViewCell.xib */ = {isa = PBXFileReference; fileEncoding = 4; lastKnownFileType = file.xib; path = ClassSapceTableViewCell.xib; sourceTree = "<group>"; };
		C71887E22058E82300333387 /* ClassSapceModel.h */ = {isa = PBXFileReference; fileEncoding = 4; lastKnownFileType = sourcecode.c.h; path = ClassSapceModel.h; sourceTree = "<group>"; };
		C71887E32058E82300333387 /* ClassSapceModel.m */ = {isa = PBXFileReference; fileEncoding = 4; lastKnownFileType = sourcecode.c.objc; path = ClassSapceModel.m; sourceTree = "<group>"; };
		C71887E520592E1E00333387 /* ClassSapceManager.h */ = {isa = PBXFileReference; fileEncoding = 4; lastKnownFileType = sourcecode.c.h; path = ClassSapceManager.h; sourceTree = "<group>"; };
		C71887E620592E1E00333387 /* ClassSapceManager.m */ = {isa = PBXFileReference; fileEncoding = 4; lastKnownFileType = sourcecode.c.objc; path = ClassSapceManager.m; sourceTree = "<group>"; };
		C71887E9205A385000333387 /* PhotoBrowser.h */ = {isa = PBXFileReference; fileEncoding = 4; lastKnownFileType = sourcecode.c.h; path = PhotoBrowser.h; sourceTree = "<group>"; };
		C71887EA205A385000333387 /* PhotoBrowser.m */ = {isa = PBXFileReference; fileEncoding = 4; lastKnownFileType = sourcecode.c.objc; path = PhotoBrowser.m; sourceTree = "<group>"; };
		C71887F0205A5C1400333387 /* ClassInfoViewController.h */ = {isa = PBXFileReference; fileEncoding = 4; lastKnownFileType = sourcecode.c.h; path = ClassInfoViewController.h; sourceTree = "<group>"; };
		C71887F1205A5C1400333387 /* ClassInfoViewController.m */ = {isa = PBXFileReference; fileEncoding = 4; lastKnownFileType = sourcecode.c.objc; path = ClassInfoViewController.m; sourceTree = "<group>"; };
		C71887F8205A6D7900333387 /* MYBannerScrollView.m */ = {isa = PBXFileReference; fileEncoding = 4; lastKnownFileType = sourcecode.c.objc; path = MYBannerScrollView.m; sourceTree = "<group>"; };
		C71887F9205A6D7900333387 /* MYBannerImageView.m */ = {isa = PBXFileReference; fileEncoding = 4; lastKnownFileType = sourcecode.c.objc; path = MYBannerImageView.m; sourceTree = "<group>"; };
		C71887FA205A6D7900333387 /* MYBannerScrollView.h */ = {isa = PBXFileReference; fileEncoding = 4; lastKnownFileType = sourcecode.c.h; path = MYBannerScrollView.h; sourceTree = "<group>"; };
		C71887FB205A6D7900333387 /* MYBannerImageView.h */ = {isa = PBXFileReference; fileEncoding = 4; lastKnownFileType = sourcecode.c.h; path = MYBannerImageView.h; sourceTree = "<group>"; };
		C71887FF205A6EE800333387 /* NSTimer+Addition.h */ = {isa = PBXFileReference; fileEncoding = 4; lastKnownFileType = sourcecode.c.h; path = "NSTimer+Addition.h"; sourceTree = "<group>"; };
		C7188800205A6EE800333387 /* NSTimer+Addition.m */ = {isa = PBXFileReference; fileEncoding = 4; lastKnownFileType = sourcecode.c.objc; path = "NSTimer+Addition.m"; sourceTree = "<group>"; };
		C7188802205A6F4500333387 /* NSArray+ExtraMethod.h */ = {isa = PBXFileReference; fileEncoding = 4; lastKnownFileType = sourcecode.c.h; path = "NSArray+ExtraMethod.h"; sourceTree = "<group>"; };
		C7188803205A6F4500333387 /* NSArray+ExtraMethod.m */ = {isa = PBXFileReference; fileEncoding = 4; lastKnownFileType = sourcecode.c.objc; path = "NSArray+ExtraMethod.m"; sourceTree = "<group>"; };
		C73DD5C0204E88BD00C6437F /* SuperScholar.app */ = {isa = PBXFileReference; explicitFileType = wrapper.application; includeInIndex = 0; path = SuperScholar.app; sourceTree = BUILT_PRODUCTS_DIR; };
		C73DD5C4204E88BD00C6437F /* main.m */ = {isa = PBXFileReference; lastKnownFileType = sourcecode.c.objc; path = main.m; sourceTree = "<group>"; };
		C73DD5CD204E88BD00C6437F /* Base */ = {isa = PBXFileReference; lastKnownFileType = file.storyboard; name = Base; path = Base.lproj/Main.storyboard; sourceTree = "<group>"; };
		C73DD5CF204E88BD00C6437F /* Assets.xcassets */ = {isa = PBXFileReference; lastKnownFileType = folder.assetcatalog; path = Assets.xcassets; sourceTree = "<group>"; };
		C73DD5D2204E88BD00C6437F /* Base */ = {isa = PBXFileReference; lastKnownFileType = file.storyboard; name = Base; path = Base.lproj/LaunchScreen.storyboard; sourceTree = "<group>"; };
		C73DD5D4204E88BD00C6437F /* Info.plist */ = {isa = PBXFileReference; lastKnownFileType = text.plist.xml; path = Info.plist; sourceTree = "<group>"; };
		C73DD5DA204E88E900C6437F /* Podfile */ = {isa = PBXFileReference; fileEncoding = 4; lastKnownFileType = text; path = Podfile; sourceTree = "<group>"; xcLanguageSpecificationIdentifier = xcode.lang.ruby; };
		C76169DF204F79C900C94311 /* PrefixHeader.pch */ = {isa = PBXFileReference; fileEncoding = 4; lastKnownFileType = sourcecode.c.h; path = PrefixHeader.pch; sourceTree = "<group>"; };
		C76169EC204F839200C94311 /* ActivityViewController.h */ = {isa = PBXFileReference; fileEncoding = 4; lastKnownFileType = sourcecode.c.h; path = ActivityViewController.h; sourceTree = "<group>"; };
		C76169ED204F839200C94311 /* ActivityViewController.m */ = {isa = PBXFileReference; fileEncoding = 4; lastKnownFileType = sourcecode.c.objc; path = ActivityViewController.m; sourceTree = "<group>"; };
		C76169EE204F839200C94311 /* ActivityViewController.xib */ = {isa = PBXFileReference; fileEncoding = 4; lastKnownFileType = file.xib; path = ActivityViewController.xib; sourceTree = "<group>"; };
		C76169F3204F889300C94311 /* MainTabBarViewController.h */ = {isa = PBXFileReference; fileEncoding = 4; lastKnownFileType = sourcecode.c.h; path = MainTabBarViewController.h; sourceTree = "<group>"; };
		C76169F4204F889300C94311 /* MainTabBarViewController.m */ = {isa = PBXFileReference; fileEncoding = 4; lastKnownFileType = sourcecode.c.objc; path = MainTabBarViewController.m; sourceTree = "<group>"; };
		C76169F5204F889300C94311 /* MainTabBarViewController.xib */ = {isa = PBXFileReference; fileEncoding = 4; lastKnownFileType = file.xib; path = MainTabBarViewController.xib; sourceTree = "<group>"; };
		C76169F9204F889900C94311 /* AppDelegate.h */ = {isa = PBXFileReference; fileEncoding = 4; lastKnownFileType = sourcecode.c.h; path = AppDelegate.h; sourceTree = "<group>"; };
		C76169FA204F889900C94311 /* AppDelegate.m */ = {isa = PBXFileReference; fileEncoding = 4; lastKnownFileType = sourcecode.c.objc; path = AppDelegate.m; sourceTree = "<group>"; };
		C76169FD204F8F2600C94311 /* ClassViewController.h */ = {isa = PBXFileReference; fileEncoding = 4; lastKnownFileType = sourcecode.c.h; path = ClassViewController.h; sourceTree = "<group>"; };
		C76169FE204F8F2600C94311 /* ClassViewController.m */ = {isa = PBXFileReference; fileEncoding = 4; lastKnownFileType = sourcecode.c.objc; path = ClassViewController.m; sourceTree = "<group>"; };
		C76169FF204F8F2600C94311 /* ClassViewController.xib */ = {isa = PBXFileReference; fileEncoding = 4; lastKnownFileType = file.xib; path = ClassViewController.xib; sourceTree = "<group>"; };
		C7616A03204F8F4C00C94311 /* MySelfViewController.h */ = {isa = PBXFileReference; fileEncoding = 4; lastKnownFileType = sourcecode.c.h; path = MySelfViewController.h; sourceTree = "<group>"; };
		C7616A04204F8F4C00C94311 /* MySelfViewController.m */ = {isa = PBXFileReference; fileEncoding = 4; lastKnownFileType = sourcecode.c.objc; path = MySelfViewController.m; sourceTree = "<group>"; };
		C7616A05204F8F4C00C94311 /* MySelfViewController.xib */ = {isa = PBXFileReference; fileEncoding = 4; lastKnownFileType = file.xib; path = MySelfViewController.xib; sourceTree = "<group>"; };
		C7616A09204F8F6A00C94311 /* InteractiveViewController.h */ = {isa = PBXFileReference; fileEncoding = 4; lastKnownFileType = sourcecode.c.h; path = InteractiveViewController.h; sourceTree = "<group>"; };
		C7616A0A204F8F6A00C94311 /* InteractiveViewController.m */ = {isa = PBXFileReference; fileEncoding = 4; lastKnownFileType = sourcecode.c.objc; path = InteractiveViewController.m; sourceTree = "<group>"; };
		C7616A0B204F8F6A00C94311 /* InteractiveViewController.xib */ = {isa = PBXFileReference; fileEncoding = 4; lastKnownFileType = file.xib; path = InteractiveViewController.xib; sourceTree = "<group>"; };
		D766E932AD159347BD301596 /* Pods-SuperScholar.release.xcconfig */ = {isa = PBXFileReference; includeInIndex = 1; lastKnownFileType = text.xcconfig; name = "Pods-SuperScholar.release.xcconfig"; path = "Pods/Target Support Files/Pods-SuperScholar/Pods-SuperScholar.release.xcconfig"; sourceTree = "<group>"; };
/* End PBXFileReference section */

/* Begin PBXFrameworksBuildPhase section */
		C73DD5BD204E88BD00C6437F /* Frameworks */ = {
			isa = PBXFrameworksBuildPhase;
			buildActionMask = 2147483647;
			files = (
				BFBB36CCCD85DE7A0E13C8F3 /* libPods-SuperScholar.a in Frameworks */,
			);
			runOnlyForDeploymentPostprocessing = 0;
		};
/* End PBXFrameworksBuildPhase section */

/* Begin PBXGroup section */
		38010D72204FBFBC00E4511C /* IndexModule */ = {
			isa = PBXGroup;
			children = (
				38010D73204FBFBC00E4511C /* Controller */,
				38010D77204FBFBC00E4511C /* Model */,
				38010D78204FBFBC00E4511C /* View */,
			);
			path = IndexModule;
			sourceTree = "<group>";
		};
		38010D73204FBFBC00E4511C /* Controller */ = {
			isa = PBXGroup;
			children = (
				38010D74204FBFBC00E4511C /* AdsViewController.h */,
				38010D75204FBFBC00E4511C /* AdsViewController.m */,
				38010D76204FBFBC00E4511C /* AdsViewController.xib */,
			);
			path = Controller;
			sourceTree = "<group>";
		};
		38010D77204FBFBC00E4511C /* Model */ = {
			isa = PBXGroup;
			children = (
			);
			path = Model;
			sourceTree = "<group>";
		};
		38010D78204FBFBC00E4511C /* View */ = {
			isa = PBXGroup;
			children = (
				38010D8C204FD6E500E4511C /* AdsCollectionViewCell.h */,
				38010D8D204FD6E500E4511C /* AdsCollectionViewCell.m */,
				38010D8E204FD6E500E4511C /* AdsCollectionViewCell.xib */,
			);
			path = View;
			sourceTree = "<group>";
		};
		38010D79204FBFBC00E4511C /* Map */ = {
			isa = PBXGroup;
			children = (
				38010D7A204FBFBC00E4511C /* Controller */,
				38010D7B204FBFBC00E4511C /* Model */,
				38010D7C204FBFBC00E4511C /* View */,
			);
			path = Map;
			sourceTree = "<group>";
		};
		38010D7A204FBFBC00E4511C /* Controller */ = {
			isa = PBXGroup;
			children = (
			);
			path = Controller;
			sourceTree = "<group>";
		};
		38010D7B204FBFBC00E4511C /* Model */ = {
			isa = PBXGroup;
			children = (
			);
			path = Model;
			sourceTree = "<group>";
		};
		38010D7C204FBFBC00E4511C /* View */ = {
			isa = PBXGroup;
			children = (
			);
			path = View;
			sourceTree = "<group>";
		};
		38010D7D204FBFBC00E4511C /* PushMessage */ = {
			isa = PBXGroup;
			children = (
				38010D7E204FBFBC00E4511C /* Controller */,
				38010D7F204FBFBC00E4511C /* Model */,
				38010D80204FBFBC00E4511C /* View */,
			);
			path = PushMessage;
			sourceTree = "<group>";
		};
		38010D7E204FBFBC00E4511C /* Controller */ = {
			isa = PBXGroup;
			children = (
			);
			path = Controller;
			sourceTree = "<group>";
		};
		38010D7F204FBFBC00E4511C /* Model */ = {
			isa = PBXGroup;
			children = (
			);
			path = Model;
			sourceTree = "<group>";
		};
		38010D80204FBFBC00E4511C /* View */ = {
			isa = PBXGroup;
			children = (
			);
			path = View;
			sourceTree = "<group>";
		};
		38010D81204FBFBC00E4511C /* SearchContent */ = {
			isa = PBXGroup;
			children = (
				38010DA5204FFAF400E4511C /* Index */,
				38010DA1204FFABC00E4511C /* ZhaoShengQiShi */,
				38010D99204FFABC00E4511C /* Activity */,
				38010D9D204FFABC00E4511C /* School */,
			);
			path = SearchContent;
			sourceTree = "<group>";
		};
		38010D99204FFABC00E4511C /* Activity */ = {
			isa = PBXGroup;
			children = (
				38010D9A204FFABC00E4511C /* Controller */,
				38010D9B204FFABC00E4511C /* Model */,
				38010D9C204FFABC00E4511C /* View */,
			);
			path = Activity;
			sourceTree = "<group>";
		};
		38010D9A204FFABC00E4511C /* Controller */ = {
			isa = PBXGroup;
			children = (
			);
			path = Controller;
			sourceTree = "<group>";
		};
		38010D9B204FFABC00E4511C /* Model */ = {
			isa = PBXGroup;
			children = (
			);
			path = Model;
			sourceTree = "<group>";
		};
		38010D9C204FFABC00E4511C /* View */ = {
			isa = PBXGroup;
			children = (
			);
			path = View;
			sourceTree = "<group>";
		};
		38010D9D204FFABC00E4511C /* School */ = {
			isa = PBXGroup;
			children = (
				38010D9E204FFABC00E4511C /* Controller */,
				38010D9F204FFABC00E4511C /* Model */,
				38010DA0204FFABC00E4511C /* View */,
			);
			path = School;
			sourceTree = "<group>";
		};
		38010D9E204FFABC00E4511C /* Controller */ = {
			isa = PBXGroup;
			children = (
				384A5568205266D8006D8C23 /* SchoolViewController.h */,
				384A5569205266D8006D8C23 /* SchoolViewController.m */,
				384A556A205266D8006D8C23 /* SchoolViewController.xib */,
			);
			path = Controller;
			sourceTree = "<group>";
		};
		38010D9F204FFABC00E4511C /* Model */ = {
			isa = PBXGroup;
			children = (
			);
			path = Model;
			sourceTree = "<group>";
		};
		38010DA0204FFABC00E4511C /* View */ = {
			isa = PBXGroup;
			children = (
				384A556D2052674F006D8C23 /* SchoolTableViewCell.h */,
				384A556E2052674F006D8C23 /* SchoolTableViewCell.m */,
				384A556F2052674F006D8C23 /* SchoolTableViewCell.xib */,
			);
			path = View;
			sourceTree = "<group>";
		};
		38010DA1204FFABC00E4511C /* ZhaoShengQiShi */ = {
			isa = PBXGroup;
			children = (
				38010DA2204FFABC00E4511C /* Controller */,
				38010DA3204FFABC00E4511C /* Model */,
				38010DA4204FFABC00E4511C /* View */,
			);
			path = ZhaoShengQiShi;
			sourceTree = "<group>";
		};
		38010DA2204FFABC00E4511C /* Controller */ = {
			isa = PBXGroup;
			children = (
				38010DA9204FFB3500E4511C /* ZhaoShengViewController.h */,
				38010DAA204FFB3500E4511C /* ZhaoShengViewController.m */,
				38010DAB204FFB3500E4511C /* ZhaoShengViewController.xib */,
			);
			path = Controller;
			sourceTree = "<group>";
		};
		38010DA3204FFABC00E4511C /* Model */ = {
			isa = PBXGroup;
			children = (
			);
			path = Model;
			sourceTree = "<group>";
		};
		38010DA4204FFABC00E4511C /* View */ = {
			isa = PBXGroup;
			children = (
				38010DAE204FFB5E00E4511C /* ZhaoShengTableViewCell.h */,
				38010DAF204FFB5E00E4511C /* ZhaoShengTableViewCell.m */,
				38010DB0204FFB5E00E4511C /* ZhaoShengTableViewCell.xib */,
			);
			path = View;
			sourceTree = "<group>";
		};
		38010DA5204FFAF400E4511C /* Index */ = {
			isa = PBXGroup;
			children = (
				38010DA6204FFAF400E4511C /* Controller */,
				38010DA7204FFAF400E4511C /* Model */,
				38010DA8204FFAF400E4511C /* View */,
			);
			path = Index;
			sourceTree = "<group>";
		};
		38010DA6204FFAF400E4511C /* Controller */ = {
			isa = PBXGroup;
			children = (
				384A556320522095006D8C23 /* SearchIndexViewController.h */,
				384A556420522095006D8C23 /* SearchIndexViewController.m */,
				384A556520522095006D8C23 /* SearchIndexViewController.xib */,
			);
			path = Controller;
			sourceTree = "<group>";
		};
		38010DA7204FFAF400E4511C /* Model */ = {
			isa = PBXGroup;
			children = (
			);
			path = Model;
			sourceTree = "<group>";
		};
		38010DA8204FFAF400E4511C /* View */ = {
			isa = PBXGroup;
			children = (
			);
			path = View;
			sourceTree = "<group>";
		};
		384A553A20521F20006D8C23 /* Category */ = {
			isa = PBXGroup;
			children = (
				C7188802205A6F4500333387 /* NSArray+ExtraMethod.h */,
				C7188803205A6F4500333387 /* NSArray+ExtraMethod.m */,
				C71887FF205A6EE800333387 /* NSTimer+Addition.h */,
				C7188800205A6EE800333387 /* NSTimer+Addition.m */,
				384A553B20521F20006D8C23 /* NSDictionary+Utility.h */,
				384A553C20521F20006D8C23 /* NSDictionary+Utility.m */,
				384A553D20521F20006D8C23 /* NSObject+InitData.h */,
				384A553E20521F20006D8C23 /* NSObject+InitData.m */,
				384A553F20521F20006D8C23 /* UIView+AdjustFrame.h */,
				384A554020521F20006D8C23 /* UIView+AdjustFrame.m */,
				384A554320521F20006D8C23 /* UIViewController+Based.h */,
				384A554420521F20006D8C23 /* UIViewController+Based.m */,
			);
			path = Category;
			sourceTree = "<group>";
		};
		384A554520521F20006D8C23 /* Controller */ = {
			isa = PBXGroup;
			children = (
				384A555F20521F2E006D8C23 /* MYSegmentController */,
			);
			path = Controller;
			sourceTree = "<group>";
		};
		384A554620521F20006D8C23 /* Header */ = {
			isa = PBXGroup;
			children = (
				384A554720521F20006D8C23 /* AppAPI.h */,
				384A554820521F20006D8C23 /* AppConfigInfo.h */,
				384A554920521F20006D8C23 /* AppMacro.h */,
			);
			path = Header;
			sourceTree = "<group>";
		};
		384A554A20521F20006D8C23 /* Manager */ = {
			isa = PBXGroup;
			children = (
			);
			path = Manager;
			sourceTree = "<group>";
		};
		384A554B20521F20006D8C23 /* View */ = {
			isa = PBXGroup;
			children = (
				C71887F3205A6D7900333387 /* ScrollView */,
				C71887E8205A384900333387 /* PhotoBrowser */,
				384A554C20521F20006D8C23 /* IndicatorView */,
				384A554F20521F20006D8C23 /* LLNavigationView.h */,
				384A555020521F20006D8C23 /* LLNavigationView.m */,
				384A555120521F20006D8C23 /* MJDIYView */,
			);
			path = View;
			sourceTree = "<group>";
		};
		384A554C20521F20006D8C23 /* IndicatorView */ = {
			isa = PBXGroup;
			children = (
				384A554D20521F20006D8C23 /* IndicatorView.h */,
				384A554E20521F20006D8C23 /* IndicatorView.m */,
			);
			path = IndicatorView;
			sourceTree = "<group>";
		};
		384A555120521F20006D8C23 /* MJDIYView */ = {
			isa = PBXGroup;
			children = (
				384A555220521F20006D8C23 /* MJDIYAutoFooter.h */,
				384A555320521F20006D8C23 /* MJDIYAutoFooter.m */,
				384A555420521F20006D8C23 /* MJDIYHeader.h */,
				384A555520521F20006D8C23 /* MJDIYHeader.m */,
			);
			path = MJDIYView;
			sourceTree = "<group>";
		};
		384A555F20521F2E006D8C23 /* MYSegmentController */ = {
			isa = PBXGroup;
			children = (
				384A556020521F2E006D8C23 /* MYSegmentController.h */,
				384A556120521F2E006D8C23 /* MYSegmentController.m */,
			);
			path = MYSegmentController;
			sourceTree = "<group>";
		};
		6A9C8E1F03854DBE509E4709 /* Pods */ = {
			isa = PBXGroup;
			children = (
				AA3BC876F4E559385FBF2362 /* Pods-SuperScholar.debug.xcconfig */,
				D766E932AD159347BD301596 /* Pods-SuperScholar.release.xcconfig */,
			);
			name = Pods;
			sourceTree = "<group>";
		};
		C71887D62058E7B800333387 /* ClassSapce */ = {
			isa = PBXGroup;
			children = (
				C71887D72058E7B800333387 /* Controller */,
				C71887D82058E7B800333387 /* Model */,
				C71887D92058E7B800333387 /* View */,
			);
			path = ClassSapce;
			sourceTree = "<group>";
		};
		C71887D72058E7B800333387 /* Controller */ = {
			isa = PBXGroup;
			children = (
				C71887DA2058E7DA00333387 /* ClassSapceViewController.h */,
				C71887DB2058E7DA00333387 /* ClassSapceViewController.m */,
			);
			path = Controller;
			sourceTree = "<group>";
		};
		C71887D82058E7B800333387 /* Model */ = {
			isa = PBXGroup;
			children = (
				C71887E22058E82300333387 /* ClassSapceModel.h */,
				C71887E32058E82300333387 /* ClassSapceModel.m */,
				C71887E520592E1E00333387 /* ClassSapceManager.h */,
				C71887E620592E1E00333387 /* ClassSapceManager.m */,
			);
			path = Model;
			sourceTree = "<group>";
		};
		C71887D92058E7B800333387 /* View */ = {
			isa = PBXGroup;
			children = (
				C71887DD2058E81100333387 /* ClassSapceTableViewCell.h */,
				C71887DE2058E81100333387 /* ClassSapceTableViewCell.m */,
				C71887DF2058E81100333387 /* ClassSapceTableViewCell.xib */,
			);
			path = View;
			sourceTree = "<group>";
		};
		C71887E8205A384900333387 /* PhotoBrowser */ = {
			isa = PBXGroup;
			children = (
				C71887E9205A385000333387 /* PhotoBrowser.h */,
				C71887EA205A385000333387 /* PhotoBrowser.m */,
			);
			path = PhotoBrowser;
			sourceTree = "<group>";
		};
		C71887EC205A568000333387 /* ClassInfo */ = {
			isa = PBXGroup;
			children = (
				C71887ED205A568000333387 /* Controller */,
				C71887EE205A568000333387 /* Model */,
				C71887EF205A568000333387 /* View */,
			);
			path = ClassInfo;
			sourceTree = "<group>";
		};
		C71887ED205A568000333387 /* Controller */ = {
			isa = PBXGroup;
			children = (
				C71887F0205A5C1400333387 /* ClassInfoViewController.h */,
				C71887F1205A5C1400333387 /* ClassInfoViewController.m */,
			);
			path = Controller;
			sourceTree = "<group>";
		};
		C71887EE205A568000333387 /* Model */ = {
			isa = PBXGroup;
			children = (
			);
			path = Model;
			sourceTree = "<group>";
		};
		C71887EF205A568000333387 /* View */ = {
			isa = PBXGroup;
			children = (
			);
			path = View;
			sourceTree = "<group>";
		};
		C71887F3205A6D7900333387 /* ScrollView */ = {
			isa = PBXGroup;
			children = (
				C71887F7205A6D7900333387 /* MYBannerScrollView */,
			);
			path = ScrollView;
			sourceTree = "<group>";
		};
		C71887F7205A6D7900333387 /* MYBannerScrollView */ = {
			isa = PBXGroup;
			children = (
				C71887F8205A6D7900333387 /* MYBannerScrollView.m */,
				C71887F9205A6D7900333387 /* MYBannerImageView.m */,
				C71887FA205A6D7900333387 /* MYBannerScrollView.h */,
				C71887FB205A6D7900333387 /* MYBannerImageView.h */,
			);
			path = MYBannerScrollView;
			sourceTree = "<group>";
		};
		C73DD5B7204E88BD00C6437F = {
			isa = PBXGroup;
			children = (
				C73DD5DA204E88E900C6437F /* Podfile */,
				C73DD5C2204E88BD00C6437F /* SuperScholar */,
				C73DD5C1204E88BD00C6437F /* Products */,
				6A9C8E1F03854DBE509E4709 /* Pods */,
				FA4F9C06915C67A5F8BC4296 /* Frameworks */,
			);
			sourceTree = "<group>";
		};
		C73DD5C1204E88BD00C6437F /* Products */ = {
			isa = PBXGroup;
			children = (
				C73DD5C0204E88BD00C6437F /* SuperScholar.app */,
			);
			name = Products;
			sourceTree = "<group>";
		};
		C73DD5C2204E88BD00C6437F /* SuperScholar */ = {
			isa = PBXGroup;
			children = (
				C76169C8204F733400C94311 /* AdsModule */,
				C76169E2204F7F6E00C94311 /* ActivityModule */,
				C76169F1204F865300C94311 /* ClassModule */,
				C76169E3204F7F6E00C94311 /* InteractiveModule */,
				C76169E0204F7F6E00C94311 /* MySelfModule */,
				C76169F2204F889300C94311 /* TabBarController */,
				C76169F8204F889900C94311 /* AppDelegate */,
				C76169C3204F72AE00C94311 /* Public */,
				C76169C6204F72AE00C94311 /* Resource */,
				C73DD5CC204E88BD00C6437F /* Main.storyboard */,
				C73DD5CF204E88BD00C6437F /* Assets.xcassets */,
				C73DD5D1204E88BD00C6437F /* LaunchScreen.storyboard */,
				C73DD5D4204E88BD00C6437F /* Info.plist */,
				C73DD5C3204E88BD00C6437F /* Supporting Files */,
			);
			path = SuperScholar;
			sourceTree = "<group>";
		};
		C73DD5C3204E88BD00C6437F /* Supporting Files */ = {
			isa = PBXGroup;
			children = (
				C73DD5C4204E88BD00C6437F /* main.m */,
				C76169DF204F79C900C94311 /* PrefixHeader.pch */,
			);
			name = "Supporting Files";
			sourceTree = "<group>";
		};
		C76169C3204F72AE00C94311 /* Public */ = {
			isa = PBXGroup;
			children = (
				384A553A20521F20006D8C23 /* Category */,
				384A554520521F20006D8C23 /* Controller */,
				384A554620521F20006D8C23 /* Header */,
				384A554A20521F20006D8C23 /* Manager */,
				384A554B20521F20006D8C23 /* View */,
			);
			path = Public;
			sourceTree = "<group>";
		};
		C76169C6204F72AE00C94311 /* Resource */ = {
			isa = PBXGroup;
			children = (
			);
			path = Resource;
			sourceTree = "<group>";
		};
		C76169C8204F733400C94311 /* AdsModule */ = {
			isa = PBXGroup;
			children = (
				38010D72204FBFBC00E4511C /* IndexModule */,
				38010D79204FBFBC00E4511C /* Map */,
				38010D7D204FBFBC00E4511C /* PushMessage */,
				38010D81204FBFBC00E4511C /* SearchContent */,
			);
			path = AdsModule;
			sourceTree = "<group>";
		};
		C76169E0204F7F6E00C94311 /* MySelfModule */ = {
			isa = PBXGroup;
			children = (
				C7616A02204F8F3D00C94311 /* IndexModule */,
			);
			path = MySelfModule;
			sourceTree = "<group>";
		};
		C76169E2204F7F6E00C94311 /* ActivityModule */ = {
			isa = PBXGroup;
			children = (
				C76169EB204F837900C94311 /* IndexModule */,
			);
			path = ActivityModule;
			sourceTree = "<group>";
		};
		C76169E3204F7F6E00C94311 /* InteractiveModule */ = {
			isa = PBXGroup;
			children = (
				C7616A08204F8F5D00C94311 /* IndexModule */,
			);
			path = InteractiveModule;
			sourceTree = "<group>";
		};
		C76169EB204F837900C94311 /* IndexModule */ = {
			isa = PBXGroup;
			children = (
				C76169EC204F839200C94311 /* ActivityViewController.h */,
				C76169ED204F839200C94311 /* ActivityViewController.m */,
				C76169EE204F839200C94311 /* ActivityViewController.xib */,
			);
			path = IndexModule;
			sourceTree = "<group>";
		};
		C76169F1204F865300C94311 /* ClassModule */ = {
			isa = PBXGroup;
			children = (
				C71887EC205A568000333387 /* ClassInfo */,
				C71887D62058E7B800333387 /* ClassSapce */,
				C76169FC204F8F1600C94311 /* IndexModule */,
			);
			path = ClassModule;
			sourceTree = "<group>";
		};
		C76169F2204F889300C94311 /* TabBarController */ = {
			isa = PBXGroup;
			children = (
				C76169F3204F889300C94311 /* MainTabBarViewController.h */,
				C76169F4204F889300C94311 /* MainTabBarViewController.m */,
				C76169F5204F889300C94311 /* MainTabBarViewController.xib */,
			);
			path = TabBarController;
			sourceTree = "<group>";
		};
		C76169F8204F889900C94311 /* AppDelegate */ = {
			isa = PBXGroup;
			children = (
				C76169F9204F889900C94311 /* AppDelegate.h */,
				C76169FA204F889900C94311 /* AppDelegate.m */,
			);
			path = AppDelegate;
			sourceTree = "<group>";
		};
		C76169FC204F8F1600C94311 /* IndexModule */ = {
			isa = PBXGroup;
			children = (
				C76169FD204F8F2600C94311 /* ClassViewController.h */,
				C76169FE204F8F2600C94311 /* ClassViewController.m */,
				C76169FF204F8F2600C94311 /* ClassViewController.xib */,
			);
			path = IndexModule;
			sourceTree = "<group>";
		};
		C7616A02204F8F3D00C94311 /* IndexModule */ = {
			isa = PBXGroup;
			children = (
				C7616A03204F8F4C00C94311 /* MySelfViewController.h */,
				C7616A04204F8F4C00C94311 /* MySelfViewController.m */,
				C7616A05204F8F4C00C94311 /* MySelfViewController.xib */,
			);
			path = IndexModule;
			sourceTree = "<group>";
		};
		C7616A08204F8F5D00C94311 /* IndexModule */ = {
			isa = PBXGroup;
			children = (
				C7616A09204F8F6A00C94311 /* InteractiveViewController.h */,
				C7616A0A204F8F6A00C94311 /* InteractiveViewController.m */,
				C7616A0B204F8F6A00C94311 /* InteractiveViewController.xib */,
			);
			path = IndexModule;
			sourceTree = "<group>";
		};
		FA4F9C06915C67A5F8BC4296 /* Frameworks */ = {
			isa = PBXGroup;
			children = (
				BB3E049EDDB8A8350306F505 /* libPods-SuperScholar.a */,
			);
			name = Frameworks;
			sourceTree = "<group>";
		};
/* End PBXGroup section */

/* Begin PBXNativeTarget section */
		C73DD5BF204E88BD00C6437F /* SuperScholar */ = {
			isa = PBXNativeTarget;
			buildConfigurationList = C73DD5D7204E88BD00C6437F /* Build configuration list for PBXNativeTarget "SuperScholar" */;
			buildPhases = (
				35D879A8CA3FAC43969FCFDE /* [CP] Check Pods Manifest.lock */,
				C73DD5BC204E88BD00C6437F /* Sources */,
				C73DD5BD204E88BD00C6437F /* Frameworks */,
				C73DD5BE204E88BD00C6437F /* Resources */,
				D0BD39682E4B2993E30EBAA1 /* [CP] Embed Pods Frameworks */,
				AD8962720723B83CDBA737BF /* [CP] Copy Pods Resources */,
			);
			buildRules = (
			);
			dependencies = (
			);
			name = SuperScholar;
			productName = SuperScholar;
			productReference = C73DD5C0204E88BD00C6437F /* SuperScholar.app */;
			productType = "com.apple.product-type.application";
		};
/* End PBXNativeTarget section */

/* Begin PBXProject section */
		C73DD5B8204E88BD00C6437F /* Project object */ = {
			isa = PBXProject;
			attributes = {
				LastUpgradeCheck = 0830;
				ORGANIZATIONNAME = SuperScholar;
				TargetAttributes = {
					C73DD5BF204E88BD00C6437F = {
						CreatedOnToolsVersion = 8.3.3;
						DevelopmentTeam = P6247WX9N5;
						ProvisioningStyle = Automatic;
					};
				};
			};
			buildConfigurationList = C73DD5BB204E88BD00C6437F /* Build configuration list for PBXProject "SuperScholar" */;
			compatibilityVersion = "Xcode 3.2";
			developmentRegion = English;
			hasScannedForEncodings = 0;
			knownRegions = (
				en,
				Base,
			);
			mainGroup = C73DD5B7204E88BD00C6437F;
			productRefGroup = C73DD5C1204E88BD00C6437F /* Products */;
			projectDirPath = "";
			projectRoot = "";
			targets = (
				C73DD5BF204E88BD00C6437F /* SuperScholar */,
			);
		};
/* End PBXProject section */

/* Begin PBXResourcesBuildPhase section */
		C73DD5BE204E88BD00C6437F /* Resources */ = {
			isa = PBXResourcesBuildPhase;
			buildActionMask = 2147483647;
			files = (
				C73DD5D3204E88BD00C6437F /* LaunchScreen.storyboard in Resources */,
				38010D86204FBFBC00E4511C /* AdsViewController.xib in Resources */,
				C7616A0D204F8F6A00C94311 /* InteractiveViewController.xib in Resources */,
				384A55712052674F006D8C23 /* SchoolTableViewCell.xib in Resources */,
				C73DD5D0204E88BD00C6437F /* Assets.xcassets in Resources */,
				384A556C205266D8006D8C23 /* SchoolViewController.xib in Resources */,
				C73DD5DB204E88E900C6437F /* Podfile in Resources */,
				C7616A07204F8F4C00C94311 /* MySelfViewController.xib in Resources */,
				38010D90204FD6E500E4511C /* AdsCollectionViewCell.xib in Resources */,
				384A556720522095006D8C23 /* SearchIndexViewController.xib in Resources */,
				C76169F0204F839200C94311 /* ActivityViewController.xib in Resources */,
				C7616A01204F8F2600C94311 /* ClassViewController.xib in Resources */,
				C73DD5CE204E88BD00C6437F /* Main.storyboard in Resources */,
				38010DB2204FFB5E00E4511C /* ZhaoShengTableViewCell.xib in Resources */,
				38010DAD204FFB3500E4511C /* ZhaoShengViewController.xib in Resources */,
				C76169F7204F889300C94311 /* MainTabBarViewController.xib in Resources */,
				C71887E12058E81100333387 /* ClassSapceTableViewCell.xib in Resources */,
			);
			runOnlyForDeploymentPostprocessing = 0;
		};
/* End PBXResourcesBuildPhase section */

/* Begin PBXShellScriptBuildPhase section */
		35D879A8CA3FAC43969FCFDE /* [CP] Check Pods Manifest.lock */ = {
			isa = PBXShellScriptBuildPhase;
			buildActionMask = 2147483647;
			files = (
			);
			inputPaths = (
				"${PODS_PODFILE_DIR_PATH}/Podfile.lock",
				"${PODS_ROOT}/Manifest.lock",
			);
			name = "[CP] Check Pods Manifest.lock";
			outputPaths = (
				"$(DERIVED_FILE_DIR)/Pods-SuperScholar-checkManifestLockResult.txt",
			);
			runOnlyForDeploymentPostprocessing = 0;
			shellPath = /bin/sh;
			shellScript = "diff \"${PODS_PODFILE_DIR_PATH}/Podfile.lock\" \"${PODS_ROOT}/Manifest.lock\" > /dev/null\nif [ $? != 0 ] ; then\n    # print error to STDERR\n    echo \"error: The sandbox is not in sync with the Podfile.lock. Run 'pod install' or update your CocoaPods installation.\" >&2\n    exit 1\nfi\n# This output is used by Xcode 'outputs' to avoid re-running this script phase.\necho \"SUCCESS\" > \"${SCRIPT_OUTPUT_FILE_0}\"\n";
			showEnvVarsInLog = 0;
		};
		AD8962720723B83CDBA737BF /* [CP] Copy Pods Resources */ = {
			isa = PBXShellScriptBuildPhase;
			buildActionMask = 2147483647;
			files = (
			);
			inputPaths = (
				"${SRCROOT}/Pods/Target Support Files/Pods-SuperScholar/Pods-SuperScholar-resources.sh",
				"${PODS_ROOT}/MJRefresh/MJRefresh/MJRefresh.bundle",
			);
			name = "[CP] Copy Pods Resources";
			outputPaths = (
				"${TARGET_BUILD_DIR}/${UNLOCALIZED_RESOURCES_FOLDER_PATH}/MJRefresh.bundle",
			);
			runOnlyForDeploymentPostprocessing = 0;
			shellPath = /bin/sh;
			shellScript = "\"${SRCROOT}/Pods/Target Support Files/Pods-SuperScholar/Pods-SuperScholar-resources.sh\"\n";
			showEnvVarsInLog = 0;
		};
		D0BD39682E4B2993E30EBAA1 /* [CP] Embed Pods Frameworks */ = {
			isa = PBXShellScriptBuildPhase;
			buildActionMask = 2147483647;
			files = (
			);
			inputPaths = (
			);
			name = "[CP] Embed Pods Frameworks";
			outputPaths = (
			);
			runOnlyForDeploymentPostprocessing = 0;
			shellPath = /bin/sh;
			shellScript = "\"${SRCROOT}/Pods/Target Support Files/Pods-SuperScholar/Pods-SuperScholar-frameworks.sh\"\n";
			showEnvVarsInLog = 0;
		};
/* End PBXShellScriptBuildPhase section */

/* Begin PBXSourcesBuildPhase section */
		C73DD5BC204E88BD00C6437F /* Sources */ = {
			isa = PBXSourcesBuildPhase;
			buildActionMask = 2147483647;
			files = (
				384A555D20521F20006D8C23 /* MJDIYAutoFooter.m in Sources */,
				384A555C20521F20006D8C23 /* LLNavigationView.m in Sources */,
				C76169F6204F889300C94311 /* MainTabBarViewController.m in Sources */,
				384A555820521F20006D8C23 /* UIView+AdjustFrame.m in Sources */,
				C7616A06204F8F4C00C94311 /* MySelfViewController.m in Sources */,
				C7616A0C204F8F6A00C94311 /* InteractiveViewController.m in Sources */,
				C7188801205A6EE800333387 /* NSTimer+Addition.m in Sources */,
				C73DD5C5204E88BD00C6437F /* main.m in Sources */,
				38010DB1204FFB5E00E4511C /* ZhaoShengTableViewCell.m in Sources */,
				C71887FE205A6D7900333387 /* MYBannerImageView.m in Sources */,
				C76169EF204F839200C94311 /* ActivityViewController.m in Sources */,
				384A555B20521F20006D8C23 /* IndicatorView.m in Sources */,
				384A555E20521F20006D8C23 /* MJDIYHeader.m in Sources */,
				C71887EB205A385000333387 /* PhotoBrowser.m in Sources */,
				C71887E720592E1E00333387 /* ClassSapceManager.m in Sources */,
				384A55702052674F006D8C23 /* SchoolTableViewCell.m in Sources */,
				38010D85204FBFBC00E4511C /* AdsViewController.m in Sources */,
				384A555720521F20006D8C23 /* NSObject+InitData.m in Sources */,
				384A555620521F20006D8C23 /* NSDictionary+Utility.m in Sources */,
				C71887F2205A5C1400333387 /* ClassInfoViewController.m in Sources */,
				384A556220521F2E006D8C23 /* MYSegmentController.m in Sources */,
				384A555A20521F20006D8C23 /* UIViewController+Based.m in Sources */,
				C76169FB204F889900C94311 /* AppDelegate.m in Sources */,
				384A556B205266D8006D8C23 /* SchoolViewController.m in Sources */,
				38010DAC204FFB3500E4511C /* ZhaoShengViewController.m in Sources */,
				384A556620522095006D8C23 /* SearchIndexViewController.m in Sources */,
				C7188804205A6F4500333387 /* NSArray+ExtraMethod.m in Sources */,
				C71887DC2058E7DA00333387 /* ClassSapceViewController.m in Sources */,
				C71887FD205A6D7900333387 /* MYBannerScrollView.m in Sources */,
				C71887E42058E82300333387 /* ClassSapceModel.m in Sources */,
				38010D8F204FD6E500E4511C /* AdsCollectionViewCell.m in Sources */,
				C7616A00204F8F2600C94311 /* ClassViewController.m in Sources */,
				C71887E02058E81100333387 /* ClassSapceTableViewCell.m in Sources */,
			);
			runOnlyForDeploymentPostprocessing = 0;
		};
/* End PBXSourcesBuildPhase section */

/* Begin PBXVariantGroup section */
		C73DD5CC204E88BD00C6437F /* Main.storyboard */ = {
			isa = PBXVariantGroup;
			children = (
				C73DD5CD204E88BD00C6437F /* Base */,
			);
			name = Main.storyboard;
			sourceTree = "<group>";
		};
		C73DD5D1204E88BD00C6437F /* LaunchScreen.storyboard */ = {
			isa = PBXVariantGroup;
			children = (
				C73DD5D2204E88BD00C6437F /* Base */,
			);
			name = LaunchScreen.storyboard;
			sourceTree = "<group>";
		};
/* End PBXVariantGroup section */

/* Begin XCBuildConfiguration section */
		C73DD5D5204E88BD00C6437F /* Debug */ = {
			isa = XCBuildConfiguration;
			buildSettings = {
				ALWAYS_SEARCH_USER_PATHS = NO;
				CLANG_ANALYZER_NONNULL = YES;
				CLANG_ANALYZER_NUMBER_OBJECT_CONVERSION = YES_AGGRESSIVE;
				CLANG_CXX_LANGUAGE_STANDARD = "gnu++0x";
				CLANG_CXX_LIBRARY = "libc++";
				CLANG_ENABLE_MODULES = YES;
				CLANG_ENABLE_OBJC_ARC = YES;
				CLANG_WARN_BOOL_CONVERSION = YES;
				CLANG_WARN_CONSTANT_CONVERSION = YES;
				CLANG_WARN_DIRECT_OBJC_ISA_USAGE = YES_ERROR;
				CLANG_WARN_DOCUMENTATION_COMMENTS = YES;
				CLANG_WARN_EMPTY_BODY = YES;
				CLANG_WARN_ENUM_CONVERSION = YES;
				CLANG_WARN_INFINITE_RECURSION = YES;
				CLANG_WARN_INT_CONVERSION = YES;
				CLANG_WARN_OBJC_ROOT_CLASS = YES_ERROR;
				CLANG_WARN_SUSPICIOUS_MOVE = YES;
				CLANG_WARN_UNREACHABLE_CODE = YES;
				CLANG_WARN__DUPLICATE_METHOD_MATCH = YES;
				"CODE_SIGN_IDENTITY[sdk=iphoneos*]" = "iPhone Developer";
				COPY_PHASE_STRIP = NO;
				DEBUG_INFORMATION_FORMAT = dwarf;
				ENABLE_STRICT_OBJC_MSGSEND = YES;
				ENABLE_TESTABILITY = YES;
				GCC_C_LANGUAGE_STANDARD = gnu99;
				GCC_DYNAMIC_NO_PIC = NO;
				GCC_NO_COMMON_BLOCKS = YES;
				GCC_OPTIMIZATION_LEVEL = 0;
				GCC_PREPROCESSOR_DEFINITIONS = (
					"DEBUG=1",
					"$(inherited)",
				);
				GCC_WARN_64_TO_32_BIT_CONVERSION = YES;
				GCC_WARN_ABOUT_RETURN_TYPE = YES_ERROR;
				GCC_WARN_UNDECLARED_SELECTOR = YES;
				GCC_WARN_UNINITIALIZED_AUTOS = YES_AGGRESSIVE;
				GCC_WARN_UNUSED_FUNCTION = YES;
				GCC_WARN_UNUSED_VARIABLE = YES;
				IPHONEOS_DEPLOYMENT_TARGET = 10.3;
				MTL_ENABLE_DEBUG_INFO = YES;
				ONLY_ACTIVE_ARCH = YES;
				SDKROOT = iphoneos;
			};
			name = Debug;
		};
		C73DD5D6204E88BD00C6437F /* Release */ = {
			isa = XCBuildConfiguration;
			buildSettings = {
				ALWAYS_SEARCH_USER_PATHS = NO;
				CLANG_ANALYZER_NONNULL = YES;
				CLANG_ANALYZER_NUMBER_OBJECT_CONVERSION = YES_AGGRESSIVE;
				CLANG_CXX_LANGUAGE_STANDARD = "gnu++0x";
				CLANG_CXX_LIBRARY = "libc++";
				CLANG_ENABLE_MODULES = YES;
				CLANG_ENABLE_OBJC_ARC = YES;
				CLANG_WARN_BOOL_CONVERSION = YES;
				CLANG_WARN_CONSTANT_CONVERSION = YES;
				CLANG_WARN_DIRECT_OBJC_ISA_USAGE = YES_ERROR;
				CLANG_WARN_DOCUMENTATION_COMMENTS = YES;
				CLANG_WARN_EMPTY_BODY = YES;
				CLANG_WARN_ENUM_CONVERSION = YES;
				CLANG_WARN_INFINITE_RECURSION = YES;
				CLANG_WARN_INT_CONVERSION = YES;
				CLANG_WARN_OBJC_ROOT_CLASS = YES_ERROR;
				CLANG_WARN_SUSPICIOUS_MOVE = YES;
				CLANG_WARN_UNREACHABLE_CODE = YES;
				CLANG_WARN__DUPLICATE_METHOD_MATCH = YES;
				"CODE_SIGN_IDENTITY[sdk=iphoneos*]" = "iPhone Developer";
				COPY_PHASE_STRIP = NO;
				DEBUG_INFORMATION_FORMAT = "dwarf-with-dsym";
				ENABLE_NS_ASSERTIONS = NO;
				ENABLE_STRICT_OBJC_MSGSEND = YES;
				GCC_C_LANGUAGE_STANDARD = gnu99;
				GCC_NO_COMMON_BLOCKS = YES;
				GCC_WARN_64_TO_32_BIT_CONVERSION = YES;
				GCC_WARN_ABOUT_RETURN_TYPE = YES_ERROR;
				GCC_WARN_UNDECLARED_SELECTOR = YES;
				GCC_WARN_UNINITIALIZED_AUTOS = YES_AGGRESSIVE;
				GCC_WARN_UNUSED_FUNCTION = YES;
				GCC_WARN_UNUSED_VARIABLE = YES;
				IPHONEOS_DEPLOYMENT_TARGET = 10.3;
				MTL_ENABLE_DEBUG_INFO = NO;
				SDKROOT = iphoneos;
				VALIDATE_PRODUCT = YES;
			};
			name = Release;
		};
		C73DD5D8204E88BD00C6437F /* Debug */ = {
			isa = XCBuildConfiguration;
			baseConfigurationReference = AA3BC876F4E559385FBF2362 /* Pods-SuperScholar.debug.xcconfig */;
			buildSettings = {
				ASSETCATALOG_COMPILER_APPICON_NAME = AppIcon;
				DEVELOPMENT_TEAM = P6247WX9N5;
				GCC_PRECOMPILE_PREFIX_HEADER = YES;
				GCC_PREFIX_HEADER = "$(SRCROOT)/SuperScholar/PrefixHeader.pch";
				INFOPLIST_FILE = SuperScholar/Info.plist;
				IPHONEOS_DEPLOYMENT_TARGET = 8.0;
				LD_RUNPATH_SEARCH_PATHS = "$(inherited) @executable_path/Frameworks";
				PRODUCT_BUNDLE_IDENTIFIER = SuperScholar.SuperScholar;
				PRODUCT_NAME = "$(TARGET_NAME)";
			};
			name = Debug;
		};
		C73DD5D9204E88BD00C6437F /* Release */ = {
			isa = XCBuildConfiguration;
			baseConfigurationReference = D766E932AD159347BD301596 /* Pods-SuperScholar.release.xcconfig */;
			buildSettings = {
				ASSETCATALOG_COMPILER_APPICON_NAME = AppIcon;
				DEVELOPMENT_TEAM = P6247WX9N5;
				GCC_PRECOMPILE_PREFIX_HEADER = YES;
				GCC_PREFIX_HEADER = "$(SRCROOT)/SuperScholar/PrefixHeader.pch";
				INFOPLIST_FILE = SuperScholar/Info.plist;
				IPHONEOS_DEPLOYMENT_TARGET = 8.0;
				LD_RUNPATH_SEARCH_PATHS = "$(inherited) @executable_path/Frameworks";
				PRODUCT_BUNDLE_IDENTIFIER = SuperScholar.SuperScholar;
				PRODUCT_NAME = "$(TARGET_NAME)";
			};
			name = Release;
		};
/* End XCBuildConfiguration section */

/* Begin XCConfigurationList section */
		C73DD5BB204E88BD00C6437F /* Build configuration list for PBXProject "SuperScholar" */ = {
			isa = XCConfigurationList;
			buildConfigurations = (
				C73DD5D5204E88BD00C6437F /* Debug */,
				C73DD5D6204E88BD00C6437F /* Release */,
			);
			defaultConfigurationIsVisible = 0;
			defaultConfigurationName = Release;
		};
		C73DD5D7204E88BD00C6437F /* Build configuration list for PBXNativeTarget "SuperScholar" */ = {
			isa = XCConfigurationList;
			buildConfigurations = (
				C73DD5D8204E88BD00C6437F /* Debug */,
				C73DD5D9204E88BD00C6437F /* Release */,
			);
			defaultConfigurationIsVisible = 0;
			defaultConfigurationName = Release;
		};
/* End XCConfigurationList section */
	};
	rootObject = C73DD5B8204E88BD00C6437F /* Project object */;
}
