// !$*UTF8*$!
{
	archiveVersion = 1;
	classes = {
	};
	objectVersion = 46;
	objects = {

/* Begin PBXBuildFile section */
		38010D85204FBFBC00E4511C /* AdsViewController.m in Sources */ = {isa = PBXBuildFile; fileRef = 38010D75204FBFBC00E4511C /* AdsViewController.m */; };
		38010D86204FBFBC00E4511C /* AdsViewController.xib in Resources */ = {isa = PBXBuildFile; fileRef = 38010D76204FBFBC00E4511C /* AdsViewController.xib */; };
		38010D8F204FD6E500E4511C /* AdsCollectionViewCell.m in Sources */ = {isa = PBXBuildFile; fileRef = 38010D8D204FD6E500E4511C /* AdsCollectionViewCell.m */; };
		38010D90204FD6E500E4511C /* AdsCollectionViewCell.xib in Resources */ = {isa = PBXBuildFile; fileRef = 38010D8E204FD6E500E4511C /* AdsCollectionViewCell.xib */; };
		BFBB36CCCD85DE7A0E13C8F3 /* libPods-SuperScholar.a in Frameworks */ = {isa = PBXBuildFile; fileRef = BB3E049EDDB8A8350306F505 /* libPods-SuperScholar.a */; };
		C73DD5C5204E88BD00C6437F /* main.m in Sources */ = {isa = PBXBuildFile; fileRef = C73DD5C4204E88BD00C6437F /* main.m */; };
		C73DD5CE204E88BD00C6437F /* Main.storyboard in Resources */ = {isa = PBXBuildFile; fileRef = C73DD5CC204E88BD00C6437F /* Main.storyboard */; };
		C73DD5D0204E88BD00C6437F /* Assets.xcassets in Resources */ = {isa = PBXBuildFile; fileRef = C73DD5CF204E88BD00C6437F /* Assets.xcassets */; };
		C73DD5D3204E88BD00C6437F /* LaunchScreen.storyboard in Resources */ = {isa = PBXBuildFile; fileRef = C73DD5D1204E88BD00C6437F /* LaunchScreen.storyboard */; };
		C73DD5DB204E88E900C6437F /* Podfile in Resources */ = {isa = PBXBuildFile; fileRef = C73DD5DA204E88E900C6437F /* Podfile */; };
		C76169EF204F839200C94311 /* ActivityViewController.m in Sources */ = {isa = PBXBuildFile; fileRef = C76169ED204F839200C94311 /* ActivityViewController.m */; };
		C76169F0204F839200C94311 /* ActivityViewController.xib in Resources */ = {isa = PBXBuildFile; fileRef = C76169EE204F839200C94311 /* ActivityViewController.xib */; };
		C76169F6204F889300C94311 /* MainTabBarViewController.m in Sources */ = {isa = PBXBuildFile; fileRef = C76169F4204F889300C94311 /* MainTabBarViewController.m */; };
		C76169F7204F889300C94311 /* MainTabBarViewController.xib in Resources */ = {isa = PBXBuildFile; fileRef = C76169F5204F889300C94311 /* MainTabBarViewController.xib */; };
		C76169FB204F889900C94311 /* AppDelegate.m in Sources */ = {isa = PBXBuildFile; fileRef = C76169FA204F889900C94311 /* AppDelegate.m */; };
		C7616A00204F8F2600C94311 /* ClassViewController.m in Sources */ = {isa = PBXBuildFile; fileRef = C76169FE204F8F2600C94311 /* ClassViewController.m */; };
		C7616A01204F8F2600C94311 /* ClassViewController.xib in Resources */ = {isa = PBXBuildFile; fileRef = C76169FF204F8F2600C94311 /* ClassViewController.xib */; };
		C7616A06204F8F4C00C94311 /* MySelfViewController.m in Sources */ = {isa = PBXBuildFile; fileRef = C7616A04204F8F4C00C94311 /* MySelfViewController.m */; };
		C7616A07204F8F4C00C94311 /* MySelfViewController.xib in Resources */ = {isa = PBXBuildFile; fileRef = C7616A05204F8F4C00C94311 /* MySelfViewController.xib */; };
		C7616A0C204F8F6A00C94311 /* InteractiveViewController.m in Sources */ = {isa = PBXBuildFile; fileRef = C7616A0A204F8F6A00C94311 /* InteractiveViewController.m */; };
		C7616A0D204F8F6A00C94311 /* InteractiveViewController.xib in Resources */ = {isa = PBXBuildFile; fileRef = C7616A0B204F8F6A00C94311 /* InteractiveViewController.xib */; };
		C7616A10204FDDB400C94311 /* UIView+AdjustFrame.m in Sources */ = {isa = PBXBuildFile; fileRef = C7616A0F204FDDB400C94311 /* UIView+AdjustFrame.m */; };
		C7616A13204FDDBF00C94311 /* NSObject+InitData.m in Sources */ = {isa = PBXBuildFile; fileRef = C7616A12204FDDBF00C94311 /* NSObject+InitData.m */; };
		C7616A17204FDE5400C94311 /* IndicatorView.m in Sources */ = {isa = PBXBuildFile; fileRef = C7616A16204FDE5400C94311 /* IndicatorView.m */; };
		C7616A1A204FE2CE00C94311 /* UIView+CWNView.m in Sources */ = {isa = PBXBuildFile; fileRef = C7616A19204FE2CD00C94311 /* UIView+CWNView.m */; };
		C7616A1D204FE76500C94311 /* LLNavigationView.m in Sources */ = {isa = PBXBuildFile; fileRef = C7616A1C204FE76500C94311 /* LLNavigationView.m */; };
/* End PBXBuildFile section */

/* Begin PBXFileReference section */
		38010D74204FBFBC00E4511C /* AdsViewController.h */ = {isa = PBXFileReference; fileEncoding = 4; lastKnownFileType = sourcecode.c.h; path = AdsViewController.h; sourceTree = "<group>"; };
		38010D75204FBFBC00E4511C /* AdsViewController.m */ = {isa = PBXFileReference; fileEncoding = 4; lastKnownFileType = sourcecode.c.objc; path = AdsViewController.m; sourceTree = "<group>"; };
		38010D76204FBFBC00E4511C /* AdsViewController.xib */ = {isa = PBXFileReference; fileEncoding = 4; lastKnownFileType = file.xib; path = AdsViewController.xib; sourceTree = "<group>"; };
		38010D8C204FD6E500E4511C /* AdsCollectionViewCell.h */ = {isa = PBXFileReference; fileEncoding = 4; lastKnownFileType = sourcecode.c.h; path = AdsCollectionViewCell.h; sourceTree = "<group>"; };
		38010D8D204FD6E500E4511C /* AdsCollectionViewCell.m */ = {isa = PBXFileReference; fileEncoding = 4; lastKnownFileType = sourcecode.c.objc; path = AdsCollectionViewCell.m; sourceTree = "<group>"; };
		38010D8E204FD6E500E4511C /* AdsCollectionViewCell.xib */ = {isa = PBXFileReference; fileEncoding = 4; lastKnownFileType = file.xib; path = AdsCollectionViewCell.xib; sourceTree = "<group>"; };
		AA3BC876F4E559385FBF2362 /* Pods-SuperScholar.debug.xcconfig */ = {isa = PBXFileReference; includeInIndex = 1; lastKnownFileType = text.xcconfig; name = "Pods-SuperScholar.debug.xcconfig"; path = "Pods/Target Support Files/Pods-SuperScholar/Pods-SuperScholar.debug.xcconfig"; sourceTree = "<group>"; };
		BB3E049EDDB8A8350306F505 /* libPods-SuperScholar.a */ = {isa = PBXFileReference; explicitFileType = archive.ar; includeInIndex = 0; path = "libPods-SuperScholar.a"; sourceTree = BUILT_PRODUCTS_DIR; };
		C73DD5C0204E88BD00C6437F /* SuperScholar.app */ = {isa = PBXFileReference; explicitFileType = wrapper.application; includeInIndex = 0; path = SuperScholar.app; sourceTree = BUILT_PRODUCTS_DIR; };
		C73DD5C4204E88BD00C6437F /* main.m */ = {isa = PBXFileReference; lastKnownFileType = sourcecode.c.objc; path = main.m; sourceTree = "<group>"; };
		C73DD5CD204E88BD00C6437F /* Base */ = {isa = PBXFileReference; lastKnownFileType = file.storyboard; name = Base; path = Base.lproj/Main.storyboard; sourceTree = "<group>"; };
		C73DD5CF204E88BD00C6437F /* Assets.xcassets */ = {isa = PBXFileReference; lastKnownFileType = folder.assetcatalog; path = Assets.xcassets; sourceTree = "<group>"; };
		C73DD5D2204E88BD00C6437F /* Base */ = {isa = PBXFileReference; lastKnownFileType = file.storyboard; name = Base; path = Base.lproj/LaunchScreen.storyboard; sourceTree = "<group>"; };
		C73DD5D4204E88BD00C6437F /* Info.plist */ = {isa = PBXFileReference; lastKnownFileType = text.plist.xml; path = Info.plist; sourceTree = "<group>"; };
		C73DD5DA204E88E900C6437F /* Podfile */ = {isa = PBXFileReference; fileEncoding = 4; lastKnownFileType = text; path = Podfile; sourceTree = "<group>"; xcLanguageSpecificationIdentifier = xcode.lang.ruby; };
		C76169DC204F779400C94311 /* AppMacro.h */ = {isa = PBXFileReference; fileEncoding = 4; lastKnownFileType = sourcecode.c.h; path = AppMacro.h; sourceTree = "<group>"; };
		C76169DD204F786200C94311 /* AppConfigInfo.h */ = {isa = PBXFileReference; lastKnownFileType = sourcecode.c.h; path = AppConfigInfo.h; sourceTree = "<group>"; };
		C76169DE204F794B00C94311 /* AppAPI.h */ = {isa = PBXFileReference; lastKnownFileType = sourcecode.c.h; path = AppAPI.h; sourceTree = "<group>"; };
		C76169DF204F79C900C94311 /* PrefixHeader.pch */ = {isa = PBXFileReference; fileEncoding = 4; lastKnownFileType = sourcecode.c.h; path = PrefixHeader.pch; sourceTree = "<group>"; };
		C76169EC204F839200C94311 /* ActivityViewController.h */ = {isa = PBXFileReference; fileEncoding = 4; lastKnownFileType = sourcecode.c.h; path = ActivityViewController.h; sourceTree = "<group>"; };
		C76169ED204F839200C94311 /* ActivityViewController.m */ = {isa = PBXFileReference; fileEncoding = 4; lastKnownFileType = sourcecode.c.objc; path = ActivityViewController.m; sourceTree = "<group>"; };
		C76169EE204F839200C94311 /* ActivityViewController.xib */ = {isa = PBXFileReference; fileEncoding = 4; lastKnownFileType = file.xib; path = ActivityViewController.xib; sourceTree = "<group>"; };
		C76169F3204F889300C94311 /* MainTabBarViewController.h */ = {isa = PBXFileReference; fileEncoding = 4; lastKnownFileType = sourcecode.c.h; path = MainTabBarViewController.h; sourceTree = "<group>"; };
		C76169F4204F889300C94311 /* MainTabBarViewController.m */ = {isa = PBXFileReference; fileEncoding = 4; lastKnownFileType = sourcecode.c.objc; path = MainTabBarViewController.m; sourceTree = "<group>"; };
		C76169F5204F889300C94311 /* MainTabBarViewController.xib */ = {isa = PBXFileReference; fileEncoding = 4; lastKnownFileType = file.xib; path = MainTabBarViewController.xib; sourceTree = "<group>"; };
		C76169F9204F889900C94311 /* AppDelegate.h */ = {isa = PBXFileReference; fileEncoding = 4; lastKnownFileType = sourcecode.c.h; path = AppDelegate.h; sourceTree = "<group>"; };
		C76169FA204F889900C94311 /* AppDelegate.m */ = {isa = PBXFileReference; fileEncoding = 4; lastKnownFileType = sourcecode.c.objc; path = AppDelegate.m; sourceTree = "<group>"; };
		C76169FD204F8F2600C94311 /* ClassViewController.h */ = {isa = PBXFileReference; fileEncoding = 4; lastKnownFileType = sourcecode.c.h; path = ClassViewController.h; sourceTree = "<group>"; };
		C76169FE204F8F2600C94311 /* ClassViewController.m */ = {isa = PBXFileReference; fileEncoding = 4; lastKnownFileType = sourcecode.c.objc; path = ClassViewController.m; sourceTree = "<group>"; };
		C76169FF204F8F2600C94311 /* ClassViewController.xib */ = {isa = PBXFileReference; fileEncoding = 4; lastKnownFileType = file.xib; path = ClassViewController.xib; sourceTree = "<group>"; };
		C7616A03204F8F4C00C94311 /* MySelfViewController.h */ = {isa = PBXFileReference; fileEncoding = 4; lastKnownFileType = sourcecode.c.h; path = MySelfViewController.h; sourceTree = "<group>"; };
		C7616A04204F8F4C00C94311 /* MySelfViewController.m */ = {isa = PBXFileReference; fileEncoding = 4; lastKnownFileType = sourcecode.c.objc; path = MySelfViewController.m; sourceTree = "<group>"; };
		C7616A05204F8F4C00C94311 /* MySelfViewController.xib */ = {isa = PBXFileReference; fileEncoding = 4; lastKnownFileType = file.xib; path = MySelfViewController.xib; sourceTree = "<group>"; };
		C7616A09204F8F6A00C94311 /* InteractiveViewController.h */ = {isa = PBXFileReference; fileEncoding = 4; lastKnownFileType = sourcecode.c.h; path = InteractiveViewController.h; sourceTree = "<group>"; };
		C7616A0A204F8F6A00C94311 /* InteractiveViewController.m */ = {isa = PBXFileReference; fileEncoding = 4; lastKnownFileType = sourcecode.c.objc; path = InteractiveViewController.m; sourceTree = "<group>"; };
		C7616A0B204F8F6A00C94311 /* InteractiveViewController.xib */ = {isa = PBXFileReference; fileEncoding = 4; lastKnownFileType = file.xib; path = InteractiveViewController.xib; sourceTree = "<group>"; };
		C7616A0E204FDDB400C94311 /* UIView+AdjustFrame.h */ = {isa = PBXFileReference; fileEncoding = 4; lastKnownFileType = sourcecode.c.h; path = "UIView+AdjustFrame.h"; sourceTree = "<group>"; };
		C7616A0F204FDDB400C94311 /* UIView+AdjustFrame.m */ = {isa = PBXFileReference; fileEncoding = 4; lastKnownFileType = sourcecode.c.objc; path = "UIView+AdjustFrame.m"; sourceTree = "<group>"; };
		C7616A11204FDDBF00C94311 /* NSObject+InitData.h */ = {isa = PBXFileReference; fileEncoding = 4; lastKnownFileType = sourcecode.c.h; path = "NSObject+InitData.h"; sourceTree = "<group>"; };
		C7616A12204FDDBF00C94311 /* NSObject+InitData.m */ = {isa = PBXFileReference; fileEncoding = 4; lastKnownFileType = sourcecode.c.objc; path = "NSObject+InitData.m"; sourceTree = "<group>"; };
		C7616A15204FDE5400C94311 /* IndicatorView.h */ = {isa = PBXFileReference; fileEncoding = 4; lastKnownFileType = sourcecode.c.h; path = IndicatorView.h; sourceTree = "<group>"; };
		C7616A16204FDE5400C94311 /* IndicatorView.m */ = {isa = PBXFileReference; fileEncoding = 4; lastKnownFileType = sourcecode.c.objc; path = IndicatorView.m; sourceTree = "<group>"; };
		C7616A18204FE2CD00C94311 /* UIView+CWNView.h */ = {isa = PBXFileReference; fileEncoding = 4; lastKnownFileType = sourcecode.c.h; path = "UIView+CWNView.h"; sourceTree = "<group>"; };
		C7616A19204FE2CD00C94311 /* UIView+CWNView.m */ = {isa = PBXFileReference; fileEncoding = 4; lastKnownFileType = sourcecode.c.objc; path = "UIView+CWNView.m"; sourceTree = "<group>"; };
		C7616A1B204FE76500C94311 /* LLNavigationView.h */ = {isa = PBXFileReference; fileEncoding = 4; lastKnownFileType = sourcecode.c.h; path = LLNavigationView.h; sourceTree = "<group>"; };
		C7616A1C204FE76500C94311 /* LLNavigationView.m */ = {isa = PBXFileReference; fileEncoding = 4; lastKnownFileType = sourcecode.c.objc; path = LLNavigationView.m; sourceTree = "<group>"; };
		D766E932AD159347BD301596 /* Pods-SuperScholar.release.xcconfig */ = {isa = PBXFileReference; includeInIndex = 1; lastKnownFileType = text.xcconfig; name = "Pods-SuperScholar.release.xcconfig"; path = "Pods/Target Support Files/Pods-SuperScholar/Pods-SuperScholar.release.xcconfig"; sourceTree = "<group>"; };
/* End PBXFileReference section */

/* Begin PBXFrameworksBuildPhase section */
		C73DD5BD204E88BD00C6437F /* Frameworks */ = {
			isa = PBXFrameworksBuildPhase;
			buildActionMask = 2147483647;
			files = (
				BFBB36CCCD85DE7A0E13C8F3 /* libPods-SuperScholar.a in Frameworks */,
			);
			runOnlyForDeploymentPostprocessing = 0;
		};
/* End PBXFrameworksBuildPhase section */

/* Begin PBXGroup section */
		38010D72204FBFBC00E4511C /* IndexModule */ = {
			isa = PBXGroup;
			children = (
				38010D73204FBFBC00E4511C /* Controller */,
				38010D77204FBFBC00E4511C /* Model */,
				38010D78204FBFBC00E4511C /* View */,
			);
			path = IndexModule;
			sourceTree = "<group>";
		};
		38010D73204FBFBC00E4511C /* Controller */ = {
			isa = PBXGroup;
			children = (
				38010D74204FBFBC00E4511C /* AdsViewController.h */,
				38010D75204FBFBC00E4511C /* AdsViewController.m */,
				38010D76204FBFBC00E4511C /* AdsViewController.xib */,
			);
			path = Controller;
			sourceTree = "<group>";
		};
		38010D77204FBFBC00E4511C /* Model */ = {
			isa = PBXGroup;
			children = (
			);
			path = Model;
			sourceTree = "<group>";
		};
		38010D78204FBFBC00E4511C /* View */ = {
			isa = PBXGroup;
			children = (
				38010D8C204FD6E500E4511C /* AdsCollectionViewCell.h */,
				38010D8D204FD6E500E4511C /* AdsCollectionViewCell.m */,
				38010D8E204FD6E500E4511C /* AdsCollectionViewCell.xib */,
			);
			path = View;
			sourceTree = "<group>";
		};
		38010D79204FBFBC00E4511C /* Map */ = {
			isa = PBXGroup;
			children = (
				38010D7A204FBFBC00E4511C /* Controller */,
				38010D7B204FBFBC00E4511C /* Model */,
				38010D7C204FBFBC00E4511C /* View */,
			);
			path = Map;
			sourceTree = "<group>";
		};
		38010D7A204FBFBC00E4511C /* Controller */ = {
			isa = PBXGroup;
			children = (
			);
			path = Controller;
			sourceTree = "<group>";
		};
		38010D7B204FBFBC00E4511C /* Model */ = {
			isa = PBXGroup;
			children = (
			);
			path = Model;
			sourceTree = "<group>";
		};
		38010D7C204FBFBC00E4511C /* View */ = {
			isa = PBXGroup;
			children = (
			);
			path = View;
			sourceTree = "<group>";
		};
		38010D7D204FBFBC00E4511C /* PushMessage */ = {
			isa = PBXGroup;
			children = (
				38010D7E204FBFBC00E4511C /* Controller */,
				38010D7F204FBFBC00E4511C /* Model */,
				38010D80204FBFBC00E4511C /* View */,
			);
			path = PushMessage;
			sourceTree = "<group>";
		};
		38010D7E204FBFBC00E4511C /* Controller */ = {
			isa = PBXGroup;
			children = (
			);
			path = Controller;
			sourceTree = "<group>";
		};
		38010D7F204FBFBC00E4511C /* Model */ = {
			isa = PBXGroup;
			children = (
			);
			path = Model;
			sourceTree = "<group>";
		};
		38010D80204FBFBC00E4511C /* View */ = {
			isa = PBXGroup;
			children = (
			);
			path = View;
			sourceTree = "<group>";
		};
		38010D81204FBFBC00E4511C /* SearchContent */ = {
			isa = PBXGroup;
			children = (
				38010D82204FBFBC00E4511C /* Controller */,
				38010D83204FBFBC00E4511C /* Model */,
				38010D84204FBFBC00E4511C /* View */,
			);
			path = SearchContent;
			sourceTree = "<group>";
		};
		38010D82204FBFBC00E4511C /* Controller */ = {
			isa = PBXGroup;
			children = (
			);
			path = Controller;
			sourceTree = "<group>";
		};
		38010D83204FBFBC00E4511C /* Model */ = {
			isa = PBXGroup;
			children = (
			);
			path = Model;
			sourceTree = "<group>";
		};
		38010D84204FBFBC00E4511C /* View */ = {
			isa = PBXGroup;
			children = (
			);
			path = View;
			sourceTree = "<group>";
		};
		6A9C8E1F03854DBE509E4709 /* Pods */ = {
			isa = PBXGroup;
			children = (
				AA3BC876F4E559385FBF2362 /* Pods-SuperScholar.debug.xcconfig */,
				D766E932AD159347BD301596 /* Pods-SuperScholar.release.xcconfig */,
			);
			name = Pods;
			sourceTree = "<group>";
		};
		C73DD5B7204E88BD00C6437F = {
			isa = PBXGroup;
			children = (
				C73DD5DA204E88E900C6437F /* Podfile */,
				C73DD5C2204E88BD00C6437F /* SuperScholar */,
				C73DD5C1204E88BD00C6437F /* Products */,
				6A9C8E1F03854DBE509E4709 /* Pods */,
				FA4F9C06915C67A5F8BC4296 /* Frameworks */,
			);
			sourceTree = "<group>";
		};
		C73DD5C1204E88BD00C6437F /* Products */ = {
			isa = PBXGroup;
			children = (
				C73DD5C0204E88BD00C6437F /* SuperScholar.app */,
			);
			name = Products;
			sourceTree = "<group>";
		};
		C73DD5C2204E88BD00C6437F /* SuperScholar */ = {
			isa = PBXGroup;
			children = (
				C76169C8204F733400C94311 /* AdsModule */,
				C76169E2204F7F6E00C94311 /* ActivityModule */,
				C76169F1204F865300C94311 /* ClassModule */,
				C76169E3204F7F6E00C94311 /* InteractiveModule */,
				C76169E0204F7F6E00C94311 /* MySelfModule */,
				C76169F2204F889300C94311 /* TabBarController */,
				C76169F8204F889900C94311 /* AppDelegate */,
				C76169C3204F72AE00C94311 /* Public */,
				C76169C6204F72AE00C94311 /* Resource */,
				C73DD5CC204E88BD00C6437F /* Main.storyboard */,
				C73DD5CF204E88BD00C6437F /* Assets.xcassets */,
				C73DD5D1204E88BD00C6437F /* LaunchScreen.storyboard */,
				C73DD5D4204E88BD00C6437F /* Info.plist */,
				C73DD5C3204E88BD00C6437F /* Supporting Files */,
			);
			path = SuperScholar;
			sourceTree = "<group>";
		};
		C73DD5C3204E88BD00C6437F /* Supporting Files */ = {
			isa = PBXGroup;
			children = (
				C73DD5C4204E88BD00C6437F /* main.m */,
				C76169DF204F79C900C94311 /* PrefixHeader.pch */,
			);
			name = "Supporting Files";
			sourceTree = "<group>";
		};
		C76169C3204F72AE00C94311 /* Public */ = {
			isa = PBXGroup;
			children = (
				C76169D2204F743800C94311 /* Controller */,
				C76169DB204F774300C94311 /* View */,
				C76169DA204F774300C94311 /* Manager */,
				C76169D8204F774300C94311 /* Category */,
				C76169D9204F774300C94311 /* Header */,
			);
			path = Public;
			sourceTree = "<group>";
		};
		C76169C6204F72AE00C94311 /* Resource */ = {
			isa = PBXGroup;
			children = (
			);
			path = Resource;
			sourceTree = "<group>";
		};
		C76169C8204F733400C94311 /* AdsModule */ = {
			isa = PBXGroup;
			children = (
				38010D72204FBFBC00E4511C /* IndexModule */,
				38010D79204FBFBC00E4511C /* Map */,
				38010D7D204FBFBC00E4511C /* PushMessage */,
				38010D81204FBFBC00E4511C /* SearchContent */,
			);
			path = AdsModule;
			sourceTree = "<group>";
		};
		C76169D2204F743800C94311 /* Controller */ = {
			isa = PBXGroup;
			children = (
			);
			path = Controller;
			sourceTree = "<group>";
		};
		C76169D8204F774300C94311 /* Category */ = {
			isa = PBXGroup;
			children = (
				C7616A18204FE2CD00C94311 /* UIView+CWNView.h */,
				C7616A19204FE2CD00C94311 /* UIView+CWNView.m */,
				C7616A11204FDDBF00C94311 /* NSObject+InitData.h */,
				C7616A12204FDDBF00C94311 /* NSObject+InitData.m */,
				C7616A0E204FDDB400C94311 /* UIView+AdjustFrame.h */,
				C7616A0F204FDDB400C94311 /* UIView+AdjustFrame.m */,
			);
			path = Category;
			sourceTree = "<group>";
		};
		C76169D9204F774300C94311 /* Header */ = {
			isa = PBXGroup;
			children = (
				C76169DE204F794B00C94311 /* AppAPI.h */,
				C76169DC204F779400C94311 /* AppMacro.h */,
				C76169DD204F786200C94311 /* AppConfigInfo.h */,
			);
			path = Header;
			sourceTree = "<group>";
		};
		C76169DA204F774300C94311 /* Manager */ = {
			isa = PBXGroup;
			children = (
			);
			path = Manager;
			sourceTree = "<group>";
		};
		C76169DB204F774300C94311 /* View */ = {
			isa = PBXGroup;
			children = (
				C7616A14204FDE4D00C94311 /* IndicatorView */,
				C7616A1B204FE76500C94311 /* LLNavigationView.h */,
				C7616A1C204FE76500C94311 /* LLNavigationView.m */,
			);
			path = View;
			sourceTree = "<group>";
		};
		C76169E0204F7F6E00C94311 /* MySelfModule */ = {
			isa = PBXGroup;
			children = (
				C7616A02204F8F3D00C94311 /* IndexModule */,
			);
			path = MySelfModule;
			sourceTree = "<group>";
		};
		C76169E2204F7F6E00C94311 /* ActivityModule */ = {
			isa = PBXGroup;
			children = (
				C76169EB204F837900C94311 /* IndexModule */,
			);
			path = ActivityModule;
			sourceTree = "<group>";
		};
		C76169E3204F7F6E00C94311 /* InteractiveModule */ = {
			isa = PBXGroup;
			children = (
				C7616A08204F8F5D00C94311 /* IndexModule */,
			);
			path = InteractiveModule;
			sourceTree = "<group>";
		};
		C76169EB204F837900C94311 /* IndexModule */ = {
			isa = PBXGroup;
			children = (
				C76169EC204F839200C94311 /* ActivityViewController.h */,
				C76169ED204F839200C94311 /* ActivityViewController.m */,
				C76169EE204F839200C94311 /* ActivityViewController.xib */,
			);
			path = IndexModule;
			sourceTree = "<group>";
		};
		C76169F1204F865300C94311 /* ClassModule */ = {
			isa = PBXGroup;
			children = (
				C76169FC204F8F1600C94311 /* IndexModule */,
			);
			path = ClassModule;
			sourceTree = "<group>";
		};
		C76169F2204F889300C94311 /* TabBarController */ = {
			isa = PBXGroup;
			children = (
				C76169F3204F889300C94311 /* MainTabBarViewController.h */,
				C76169F4204F889300C94311 /* MainTabBarViewController.m */,
				C76169F5204F889300C94311 /* MainTabBarViewController.xib */,
			);
			path = TabBarController;
			sourceTree = "<group>";
		};
		C76169F8204F889900C94311 /* AppDelegate */ = {
			isa = PBXGroup;
			children = (
				C76169F9204F889900C94311 /* AppDelegate.h */,
				C76169FA204F889900C94311 /* AppDelegate.m */,
			);
			path = AppDelegate;
			sourceTree = "<group>";
		};
		C76169FC204F8F1600C94311 /* IndexModule */ = {
			isa = PBXGroup;
			children = (
				C76169FD204F8F2600C94311 /* ClassViewController.h */,
				C76169FE204F8F2600C94311 /* ClassViewController.m */,
				C76169FF204F8F2600C94311 /* ClassViewController.xib */,
			);
			path = IndexModule;
			sourceTree = "<group>";
		};
		C7616A02204F8F3D00C94311 /* IndexModule */ = {
			isa = PBXGroup;
			children = (
				C7616A03204F8F4C00C94311 /* MySelfViewController.h */,
				C7616A04204F8F4C00C94311 /* MySelfViewController.m */,
				C7616A05204F8F4C00C94311 /* MySelfViewController.xib */,
			);
			path = IndexModule;
			sourceTree = "<group>";
		};
		C7616A08204F8F5D00C94311 /* IndexModule */ = {
			isa = PBXGroup;
			children = (
				C7616A09204F8F6A00C94311 /* InteractiveViewController.h */,
				C7616A0A204F8F6A00C94311 /* InteractiveViewController.m */,
				C7616A0B204F8F6A00C94311 /* InteractiveViewController.xib */,
			);
			path = IndexModule;
			sourceTree = "<group>";
		};
		C7616A14204FDE4D00C94311 /* IndicatorView */ = {
			isa = PBXGroup;
			children = (
				C7616A15204FDE5400C94311 /* IndicatorView.h */,
				C7616A16204FDE5400C94311 /* IndicatorView.m */,
			);
			path = IndicatorView;
			sourceTree = "<group>";
		};
		FA4F9C06915C67A5F8BC4296 /* Frameworks */ = {
			isa = PBXGroup;
			children = (
				BB3E049EDDB8A8350306F505 /* libPods-SuperScholar.a */,
			);
			name = Frameworks;
			sourceTree = "<group>";
		};
/* End PBXGroup section */

/* Begin PBXNativeTarget section */
		C73DD5BF204E88BD00C6437F /* SuperScholar */ = {
			isa = PBXNativeTarget;
			buildConfigurationList = C73DD5D7204E88BD00C6437F /* Build configuration list for PBXNativeTarget "SuperScholar" */;
			buildPhases = (
				35D879A8CA3FAC43969FCFDE /* [CP] Check Pods Manifest.lock */,
				C73DD5BC204E88BD00C6437F /* Sources */,
				C73DD5BD204E88BD00C6437F /* Frameworks */,
				C73DD5BE204E88BD00C6437F /* Resources */,
				D0BD39682E4B2993E30EBAA1 /* [CP] Embed Pods Frameworks */,
				AD8962720723B83CDBA737BF /* [CP] Copy Pods Resources */,
			);
			buildRules = (
			);
			dependencies = (
			);
			name = SuperScholar;
			productName = SuperScholar;
			productReference = C73DD5C0204E88BD00C6437F /* SuperScholar.app */;
			productType = "com.apple.product-type.application";
		};
/* End PBXNativeTarget section */

/* Begin PBXProject section */
		C73DD5B8204E88BD00C6437F /* Project object */ = {
			isa = PBXProject;
			attributes = {
				LastUpgradeCheck = 0830;
				ORGANIZATIONNAME = SuperScholar;
				TargetAttributes = {
					C73DD5BF204E88BD00C6437F = {
						CreatedOnToolsVersion = 8.3.3;
						DevelopmentTeam = P6247WX9N5;
						ProvisioningStyle = Automatic;
					};
				};
			};
			buildConfigurationList = C73DD5BB204E88BD00C6437F /* Build configuration list for PBXProject "SuperScholar" */;
			compatibilityVersion = "Xcode 3.2";
			developmentRegion = English;
			hasScannedForEncodings = 0;
			knownRegions = (
				en,
				Base,
			);
			mainGroup = C73DD5B7204E88BD00C6437F;
			productRefGroup = C73DD5C1204E88BD00C6437F /* Products */;
			projectDirPath = "";
			projectRoot = "";
			targets = (
				C73DD5BF204E88BD00C6437F /* SuperScholar */,
			);
		};
/* End PBXProject section */

/* Begin PBXResourcesBuildPhase section */
		C73DD5BE204E88BD00C6437F /* Resources */ = {
			isa = PBXResourcesBuildPhase;
			buildActionMask = 2147483647;
			files = (
				C73DD5D3204E88BD00C6437F /* LaunchScreen.storyboard in Resources */,
				38010D86204FBFBC00E4511C /* AdsViewController.xib in Resources */,
				C7616A0D204F8F6A00C94311 /* InteractiveViewController.xib in Resources */,
				C73DD5D0204E88BD00C6437F /* Assets.xcassets in Resources */,
				C73DD5DB204E88E900C6437F /* Podfile in Resources */,
				C7616A07204F8F4C00C94311 /* MySelfViewController.xib in Resources */,
				38010D90204FD6E500E4511C /* AdsCollectionViewCell.xib in Resources */,
				C76169F0204F839200C94311 /* ActivityViewController.xib in Resources */,
				C7616A01204F8F2600C94311 /* ClassViewController.xib in Resources */,
				C73DD5CE204E88BD00C6437F /* Main.storyboard in Resources */,
				C76169F7204F889300C94311 /* MainTabBarViewController.xib in Resources */,
			);
			runOnlyForDeploymentPostprocessing = 0;
		};
/* End PBXResourcesBuildPhase section */

/* Begin PBXShellScriptBuildPhase section */
		35D879A8CA3FAC43969FCFDE /* [CP] Check Pods Manifest.lock */ = {
			isa = PBXShellScriptBuildPhase;
			buildActionMask = 2147483647;
			files = (
			);
			inputPaths = (
				"${PODS_PODFILE_DIR_PATH}/Podfile.lock",
				"${PODS_ROOT}/Manifest.lock",
			);
			name = "[CP] Check Pods Manifest.lock";
			outputPaths = (
				"$(DERIVED_FILE_DIR)/Pods-SuperScholar-checkManifestLockResult.txt",
			);
			runOnlyForDeploymentPostprocessing = 0;
			shellPath = /bin/sh;
			shellScript = "diff \"${PODS_PODFILE_DIR_PATH}/Podfile.lock\" \"${PODS_ROOT}/Manifest.lock\" > /dev/null\nif [ $? != 0 ] ; then\n    # print error to STDERR\n    echo \"error: The sandbox is not in sync with the Podfile.lock. Run 'pod install' or update your CocoaPods installation.\" >&2\n    exit 1\nfi\n# This output is used by Xcode 'outputs' to avoid re-running this script phase.\necho \"SUCCESS\" > \"${SCRIPT_OUTPUT_FILE_0}\"\n";
			showEnvVarsInLog = 0;
		};
		AD8962720723B83CDBA737BF /* [CP] Copy Pods Resources */ = {
			isa = PBXShellScriptBuildPhase;
			buildActionMask = 2147483647;
			files = (
			);
			inputPaths = (
				"${SRCROOT}/Pods/Target Support Files/Pods-SuperScholar/Pods-SuperScholar-resources.sh",
				"${PODS_ROOT}/MJRefresh/MJRefresh/MJRefresh.bundle",
			);
			name = "[CP] Copy Pods Resources";
			outputPaths = (
				"${TARGET_BUILD_DIR}/${UNLOCALIZED_RESOURCES_FOLDER_PATH}",
			);
			runOnlyForDeploymentPostprocessing = 0;
			shellPath = /bin/sh;
			shellScript = "\"${SRCROOT}/Pods/Target Support Files/Pods-SuperScholar/Pods-SuperScholar-resources.sh\"\n";
			showEnvVarsInLog = 0;
		};
		D0BD39682E4B2993E30EBAA1 /* [CP] Embed Pods Frameworks */ = {
			isa = PBXShellScriptBuildPhase;
			buildActionMask = 2147483647;
			files = (
			);
			inputPaths = (
			);
			name = "[CP] Embed Pods Frameworks";
			outputPaths = (
			);
			runOnlyForDeploymentPostprocessing = 0;
			shellPath = /bin/sh;
			shellScript = "\"${SRCROOT}/Pods/Target Support Files/Pods-SuperScholar/Pods-SuperScholar-frameworks.sh\"\n";
			showEnvVarsInLog = 0;
		};
/* End PBXShellScriptBuildPhase section */

/* Begin PBXSourcesBuildPhase section */
		C73DD5BC204E88BD00C6437F /* Sources */ = {
			isa = PBXSourcesBuildPhase;
			buildActionMask = 2147483647;
			files = (
				C76169F6204F889300C94311 /* MainTabBarViewController.m in Sources */,
				C7616A10204FDDB400C94311 /* UIView+AdjustFrame.m in Sources */,
				C7616A06204F8F4C00C94311 /* MySelfViewController.m in Sources */,
				C7616A0C204F8F6A00C94311 /* InteractiveViewController.m in Sources */,
				C7616A1D204FE76500C94311 /* LLNavigationView.m in Sources */,
				C73DD5C5204E88BD00C6437F /* main.m in Sources */,
				C76169EF204F839200C94311 /* ActivityViewController.m in Sources */,
				C7616A13204FDDBF00C94311 /* NSObject+InitData.m in Sources */,
				38010D85204FBFBC00E4511C /* AdsViewController.m in Sources */,
				C7616A1A204FE2CE00C94311 /* UIView+CWNView.m in Sources */,
				C76169FB204F889900C94311 /* AppDelegate.m in Sources */,
				38010D8F204FD6E500E4511C /* AdsCollectionViewCell.m in Sources */,
				C7616A17204FDE5400C94311 /* IndicatorView.m in Sources */,
				C7616A00204F8F2600C94311 /* ClassViewController.m in Sources */,
			);
			runOnlyForDeploymentPostprocessing = 0;
		};
/* End PBXSourcesBuildPhase section */

/* Begin PBXVariantGroup section */
		C73DD5CC204E88BD00C6437F /* Main.storyboard */ = {
			isa = PBXVariantGroup;
			children = (
				C73DD5CD204E88BD00C6437F /* Base */,
			);
			name = Main.storyboard;
			sourceTree = "<group>";
		};
		C73DD5D1204E88BD00C6437F /* LaunchScreen.storyboard */ = {
			isa = PBXVariantGroup;
			children = (
				C73DD5D2204E88BD00C6437F /* Base */,
			);
			name = LaunchScreen.storyboard;
			sourceTree = "<group>";
		};
/* End PBXVariantGroup section */

/* Begin XCBuildConfiguration section */
		C73DD5D5204E88BD00C6437F /* Debug */ = {
			isa = XCBuildConfiguration;
			buildSettings = {
				ALWAYS_SEARCH_USER_PATHS = NO;
				CLANG_ANALYZER_NONNULL = YES;
				CLANG_ANALYZER_NUMBER_OBJECT_CONVERSION = YES_AGGRESSIVE;
				CLANG_CXX_LANGUAGE_STANDARD = "gnu++0x";
				CLANG_CXX_LIBRARY = "libc++";
				CLANG_ENABLE_MODULES = YES;
				CLANG_ENABLE_OBJC_ARC = YES;
				CLANG_WARN_BOOL_CONVERSION = YES;
				CLANG_WARN_CONSTANT_CONVERSION = YES;
				CLANG_WARN_DIRECT_OBJC_ISA_USAGE = YES_ERROR;
				CLANG_WARN_DOCUMENTATION_COMMENTS = YES;
				CLANG_WARN_EMPTY_BODY = YES;
				CLANG_WARN_ENUM_CONVERSION = YES;
				CLANG_WARN_INFINITE_RECURSION = YES;
				CLANG_WARN_INT_CONVERSION = YES;
				CLANG_WARN_OBJC_ROOT_CLASS = YES_ERROR;
				CLANG_WARN_SUSPICIOUS_MOVE = YES;
				CLANG_WARN_UNREACHABLE_CODE = YES;
				CLANG_WARN__DUPLICATE_METHOD_MATCH = YES;
				"CODE_SIGN_IDENTITY[sdk=iphoneos*]" = "iPhone Developer";
				COPY_PHASE_STRIP = NO;
				DEBUG_INFORMATION_FORMAT = dwarf;
				ENABLE_STRICT_OBJC_MSGSEND = YES;
				ENABLE_TESTABILITY = YES;
				GCC_C_LANGUAGE_STANDARD = gnu99;
				GCC_DYNAMIC_NO_PIC = NO;
				GCC_NO_COMMON_BLOCKS = YES;
				GCC_OPTIMIZATION_LEVEL = 0;
				GCC_PREPROCESSOR_DEFINITIONS = (
					"DEBUG=1",
					"$(inherited)",
				);
				GCC_WARN_64_TO_32_BIT_CONVERSION = YES;
				GCC_WARN_ABOUT_RETURN_TYPE = YES_ERROR;
				GCC_WARN_UNDECLARED_SELECTOR = YES;
				GCC_WARN_UNINITIALIZED_AUTOS = YES_AGGRESSIVE;
				GCC_WARN_UNUSED_FUNCTION = YES;
				GCC_WARN_UNUSED_VARIABLE = YES;
				IPHONEOS_DEPLOYMENT_TARGET = 10.3;
				MTL_ENABLE_DEBUG_INFO = YES;
				ONLY_ACTIVE_ARCH = YES;
				SDKROOT = iphoneos;
			};
			name = Debug;
		};
		C73DD5D6204E88BD00C6437F /* Release */ = {
			isa = XCBuildConfiguration;
			buildSettings = {
				ALWAYS_SEARCH_USER_PATHS = NO;
				CLANG_ANALYZER_NONNULL = YES;
				CLANG_ANALYZER_NUMBER_OBJECT_CONVERSION = YES_AGGRESSIVE;
				CLANG_CXX_LANGUAGE_STANDARD = "gnu++0x";
				CLANG_CXX_LIBRARY = "libc++";
				CLANG_ENABLE_MODULES = YES;
				CLANG_ENABLE_OBJC_ARC = YES;
				CLANG_WARN_BOOL_CONVERSION = YES;
				CLANG_WARN_CONSTANT_CONVERSION = YES;
				CLANG_WARN_DIRECT_OBJC_ISA_USAGE = YES_ERROR;
				CLANG_WARN_DOCUMENTATION_COMMENTS = YES;
				CLANG_WARN_EMPTY_BODY = YES;
				CLANG_WARN_ENUM_CONVERSION = YES;
				CLANG_WARN_INFINITE_RECURSION = YES;
				CLANG_WARN_INT_CONVERSION = YES;
				CLANG_WARN_OBJC_ROOT_CLASS = YES_ERROR;
				CLANG_WARN_SUSPICIOUS_MOVE = YES;
				CLANG_WARN_UNREACHABLE_CODE = YES;
				CLANG_WARN__DUPLICATE_METHOD_MATCH = YES;
				"CODE_SIGN_IDENTITY[sdk=iphoneos*]" = "iPhone Developer";
				COPY_PHASE_STRIP = NO;
				DEBUG_INFORMATION_FORMAT = "dwarf-with-dsym";
				ENABLE_NS_ASSERTIONS = NO;
				ENABLE_STRICT_OBJC_MSGSEND = YES;
				GCC_C_LANGUAGE_STANDARD = gnu99;
				GCC_NO_COMMON_BLOCKS = YES;
				GCC_WARN_64_TO_32_BIT_CONVERSION = YES;
				GCC_WARN_ABOUT_RETURN_TYPE = YES_ERROR;
				GCC_WARN_UNDECLARED_SELECTOR = YES;
				GCC_WARN_UNINITIALIZED_AUTOS = YES_AGGRESSIVE;
				GCC_WARN_UNUSED_FUNCTION = YES;
				GCC_WARN_UNUSED_VARIABLE = YES;
				IPHONEOS_DEPLOYMENT_TARGET = 10.3;
				MTL_ENABLE_DEBUG_INFO = NO;
				SDKROOT = iphoneos;
				VALIDATE_PRODUCT = YES;
			};
			name = Release;
		};
		C73DD5D8204E88BD00C6437F /* Debug */ = {
			isa = XCBuildConfiguration;
			baseConfigurationReference = AA3BC876F4E559385FBF2362 /* Pods-SuperScholar.debug.xcconfig */;
			buildSettings = {
				ASSETCATALOG_COMPILER_APPICON_NAME = AppIcon;
				DEVELOPMENT_TEAM = P6247WX9N5;
				GCC_PRECOMPILE_PREFIX_HEADER = YES;
				GCC_PREFIX_HEADER = "$(SRCROOT)/SuperScholar/PrefixHeader.pch";
				INFOPLIST_FILE = SuperScholar/Info.plist;
				IPHONEOS_DEPLOYMENT_TARGET = 8.0;
				LD_RUNPATH_SEARCH_PATHS = "$(inherited) @executable_path/Frameworks";
				PRODUCT_BUNDLE_IDENTIFIER = SuperScholar.SuperScholar;
				PRODUCT_NAME = "$(TARGET_NAME)";
			};
			name = Debug;
		};
		C73DD5D9204E88BD00C6437F /* Release */ = {
			isa = XCBuildConfiguration;
			baseConfigurationReference = D766E932AD159347BD301596 /* Pods-SuperScholar.release.xcconfig */;
			buildSettings = {
				ASSETCATALOG_COMPILER_APPICON_NAME = AppIcon;
				DEVELOPMENT_TEAM = P6247WX9N5;
				GCC_PRECOMPILE_PREFIX_HEADER = YES;
				GCC_PREFIX_HEADER = "$(SRCROOT)/SuperScholar/PrefixHeader.pch";
				INFOPLIST_FILE = SuperScholar/Info.plist;
				IPHONEOS_DEPLOYMENT_TARGET = 8.0;
				LD_RUNPATH_SEARCH_PATHS = "$(inherited) @executable_path/Frameworks";
				PRODUCT_BUNDLE_IDENTIFIER = SuperScholar.SuperScholar;
				PRODUCT_NAME = "$(TARGET_NAME)";
			};
			name = Release;
		};
/* End XCBuildConfiguration section */

/* Begin XCConfigurationList section */
		C73DD5BB204E88BD00C6437F /* Build configuration list for PBXProject "SuperScholar" */ = {
			isa = XCConfigurationList;
			buildConfigurations = (
				C73DD5D5204E88BD00C6437F /* Debug */,
				C73DD5D6204E88BD00C6437F /* Release */,
			);
			defaultConfigurationIsVisible = 0;
			defaultConfigurationName = Release;
		};
		C73DD5D7204E88BD00C6437F /* Build configuration list for PBXNativeTarget "SuperScholar" */ = {
			isa = XCConfigurationList;
			buildConfigurations = (
				C73DD5D8204E88BD00C6437F /* Debug */,
				C73DD5D9204E88BD00C6437F /* Release */,
			);
			defaultConfigurationIsVisible = 0;
			defaultConfigurationName = Release;
		};
/* End XCConfigurationList section */
	};
	rootObject = C73DD5B8204E88BD00C6437F /* Project object */;
}
